// !$*UTF8*$!
{
	archiveVersion = 1;
	classes = {
	};
	objectVersion = 46;
	objects = {

/* Begin PBXBuildFile section */
		68D6C39015C157EB001234B6 /* QuartzCore.framework in Frameworks */ = {isa = PBXBuildFile; fileRef = 68D6C38F15C157EB001234B6 /* QuartzCore.framework */; };
		68D6C39215C157EB001234B6 /* OpenGLES.framework in Frameworks */ = {isa = PBXBuildFile; fileRef = 68D6C39115C157EB001234B6 /* OpenGLES.framework */; };
		68D6C39415C157EB001234B6 /* OpenAL.framework in Frameworks */ = {isa = PBXBuildFile; fileRef = 68D6C39315C157EB001234B6 /* OpenAL.framework */; };
		68D6C39615C157EB001234B6 /* AudioToolbox.framework in Frameworks */ = {isa = PBXBuildFile; fileRef = 68D6C39515C157EB001234B6 /* AudioToolbox.framework */; };
		68D6C39815C157EB001234B6 /* AVFoundation.framework in Frameworks */ = {isa = PBXBuildFile; fileRef = 68D6C39715C157EB001234B6 /* AVFoundation.framework */; };
		68D6C39A15C157EB001234B6 /* UIKit.framework in Frameworks */ = {isa = PBXBuildFile; fileRef = 68D6C39915C157EB001234B6 /* UIKit.framework */; };
		68D6C39C15C157EB001234B6 /* Foundation.framework in Frameworks */ = {isa = PBXBuildFile; fileRef = 68D6C39B15C157EB001234B6 /* Foundation.framework */; };
		68D6C39E15C157EB001234B6 /* CoreGraphics.framework in Frameworks */ = {isa = PBXBuildFile; fileRef = 68D6C39D15C157EB001234B6 /* CoreGraphics.framework */; };
		68D6C3A215C157EB001234B6 /* Default.png in Resources */ = {isa = PBXBuildFile; fileRef = 68D6C3A115C157EB001234B6 /* Default.png */; };
		68D6C3A415C157EB001234B6 /* fps_images.png in Resources */ = {isa = PBXBuildFile; fileRef = 68D6C3A315C157EB001234B6 /* fps_images.png */; };
		68D6C3A615C157EB001234B6 /* Icon-72.png in Resources */ = {isa = PBXBuildFile; fileRef = 68D6C3A515C157EB001234B6 /* Icon-72.png */; };
		68D6C3A815C157EB001234B6 /* Icon-Small-50.png in Resources */ = {isa = PBXBuildFile; fileRef = 68D6C3A715C157EB001234B6 /* Icon-Small-50.png */; };
		68D6C3AA15C157EB001234B6 /* Icon-Small.png in Resources */ = {isa = PBXBuildFile; fileRef = 68D6C3A915C157EB001234B6 /* Icon-Small.png */; };
		68D6C3AC15C157EB001234B6 /* Icon-Small@2x.png in Resources */ = {isa = PBXBuildFile; fileRef = 68D6C3AB15C157EB001234B6 /* Icon-Small@2x.png */; };
		68D6C3AE15C157EB001234B6 /* Icon.png in Resources */ = {isa = PBXBuildFile; fileRef = 68D6C3AD15C157EB001234B6 /* Icon.png */; };
		68D6C3B015C157EB001234B6 /* Icon@2x.png in Resources */ = {isa = PBXBuildFile; fileRef = 68D6C3AF15C157EB001234B6 /* Icon@2x.png */; };
		68D6C3B315C157EB001234B6 /* iTunesArtwork in Resources */ = {isa = PBXBuildFile; fileRef = 68D6C3B215C157EB001234B6 /* iTunesArtwork */; };
		68D6C3B815C157EB001234B6 /* CCAction.m in Sources */ = {isa = PBXBuildFile; fileRef = 68D6C3B715C157EB001234B6 /* CCAction.m */; };
		68D6C3BB15C157EB001234B6 /* CCActionCamera.m in Sources */ = {isa = PBXBuildFile; fileRef = 68D6C3BA15C157EB001234B6 /* CCActionCamera.m */; };
		68D6C3BE15C157EB001234B6 /* CCActionEase.m in Sources */ = {isa = PBXBuildFile; fileRef = 68D6C3BD15C157EB001234B6 /* CCActionEase.m */; };
		68D6C3C115C157EB001234B6 /* CCActionGrid.m in Sources */ = {isa = PBXBuildFile; fileRef = 68D6C3C015C157EB001234B6 /* CCActionGrid.m */; };
		68D6C3C415C157EB001234B6 /* CCActionGrid3D.m in Sources */ = {isa = PBXBuildFile; fileRef = 68D6C3C315C157EB001234B6 /* CCActionGrid3D.m */; };
		68D6C3C715C157EB001234B6 /* CCActionInstant.m in Sources */ = {isa = PBXBuildFile; fileRef = 68D6C3C615C157EB001234B6 /* CCActionInstant.m */; };
		68D6C3CA15C157EB001234B6 /* CCActionInterval.m in Sources */ = {isa = PBXBuildFile; fileRef = 68D6C3C915C157EB001234B6 /* CCActionInterval.m */; };
		68D6C3CD15C157EB001234B6 /* CCActionManager.m in Sources */ = {isa = PBXBuildFile; fileRef = 68D6C3CC15C157EB001234B6 /* CCActionManager.m */; };
		68D6C3D015C157EB001234B6 /* CCActionPageTurn3D.m in Sources */ = {isa = PBXBuildFile; fileRef = 68D6C3CF15C157EB001234B6 /* CCActionPageTurn3D.m */; };
		68D6C3D315C157EB001234B6 /* CCActionProgressTimer.m in Sources */ = {isa = PBXBuildFile; fileRef = 68D6C3D215C157EB001234B6 /* CCActionProgressTimer.m */; };
		68D6C3D615C157EB001234B6 /* CCActionTiledGrid.m in Sources */ = {isa = PBXBuildFile; fileRef = 68D6C3D515C157EB001234B6 /* CCActionTiledGrid.m */; };
		68D6C3D915C157EB001234B6 /* CCActionTween.m in Sources */ = {isa = PBXBuildFile; fileRef = 68D6C3D815C157EB001234B6 /* CCActionTween.m */; };
		68D6C3DC15C157EB001234B6 /* CCAnimation.m in Sources */ = {isa = PBXBuildFile; fileRef = 68D6C3DB15C157EB001234B6 /* CCAnimation.m */; };
		68D6C3DF15C157EB001234B6 /* CCAnimationCache.m in Sources */ = {isa = PBXBuildFile; fileRef = 68D6C3DE15C157EB001234B6 /* CCAnimationCache.m */; };
		68D6C3E215C157EB001234B6 /* CCAtlasNode.m in Sources */ = {isa = PBXBuildFile; fileRef = 68D6C3E115C157EB001234B6 /* CCAtlasNode.m */; };
		68D6C3E515C157EB001234B6 /* CCBlockSupport.m in Sources */ = {isa = PBXBuildFile; fileRef = 68D6C3E415C157EB001234B6 /* CCBlockSupport.m */; };
		68D6C3E815C157EB001234B6 /* CCCamera.m in Sources */ = {isa = PBXBuildFile; fileRef = 68D6C3E715C157EB001234B6 /* CCCamera.m */; };
		68D6C3EC15C157EB001234B6 /* CCConfiguration.m in Sources */ = {isa = PBXBuildFile; fileRef = 68D6C3EB15C157EB001234B6 /* CCConfiguration.m */; };
		68D6C3EF15C157EB001234B6 /* CCDirector.m in Sources */ = {isa = PBXBuildFile; fileRef = 68D6C3EE15C157EB001234B6 /* CCDirector.m */; };
		68D6C3F215C157EB001234B6 /* CCDrawingPrimitives.m in Sources */ = {isa = PBXBuildFile; fileRef = 68D6C3F115C157EB001234B6 /* CCDrawingPrimitives.m */; };
		68D6C3F515C157EB001234B6 /* CCGrabber.m in Sources */ = {isa = PBXBuildFile; fileRef = 68D6C3F415C157EB001234B6 /* CCGrabber.m */; };
		68D6C3F815C157EB001234B6 /* CCGrid.m in Sources */ = {isa = PBXBuildFile; fileRef = 68D6C3F715C157EB001234B6 /* CCGrid.m */; };
		68D6C3FB15C157EB001234B6 /* CCLabelAtlas.m in Sources */ = {isa = PBXBuildFile; fileRef = 68D6C3FA15C157EB001234B6 /* CCLabelAtlas.m */; };
		68D6C3FE15C157EB001234B6 /* CCLabelBMFont.m in Sources */ = {isa = PBXBuildFile; fileRef = 68D6C3FD15C157EB001234B6 /* CCLabelBMFont.m */; };
		68D6C40115C157EB001234B6 /* CCLabelTTF.m in Sources */ = {isa = PBXBuildFile; fileRef = 68D6C40015C157EB001234B6 /* CCLabelTTF.m */; };
		68D6C40415C157EB001234B6 /* CCLayer.m in Sources */ = {isa = PBXBuildFile; fileRef = 68D6C40315C157EB001234B6 /* CCLayer.m */; };
		68D6C40815C157EB001234B6 /* CCMenu.m in Sources */ = {isa = PBXBuildFile; fileRef = 68D6C40715C157EB001234B6 /* CCMenu.m */; };
		68D6C40B15C157EB001234B6 /* CCMenuItem.m in Sources */ = {isa = PBXBuildFile; fileRef = 68D6C40A15C157EB001234B6 /* CCMenuItem.m */; };
		68D6C40E15C157EB001234B6 /* CCMotionStreak.m in Sources */ = {isa = PBXBuildFile; fileRef = 68D6C40D15C157EB001234B6 /* CCMotionStreak.m */; };
		68D6C41115C157EC001234B6 /* CCNode.m in Sources */ = {isa = PBXBuildFile; fileRef = 68D6C41015C157EC001234B6 /* CCNode.m */; };
		68D6C41415C157EC001234B6 /* CCParallaxNode.m in Sources */ = {isa = PBXBuildFile; fileRef = 68D6C41315C157EC001234B6 /* CCParallaxNode.m */; };
		68D6C41715C157EC001234B6 /* CCParticleExamples.m in Sources */ = {isa = PBXBuildFile; fileRef = 68D6C41615C157EC001234B6 /* CCParticleExamples.m */; };
		68D6C41A15C157EC001234B6 /* CCParticleSystem.m in Sources */ = {isa = PBXBuildFile; fileRef = 68D6C41915C157EC001234B6 /* CCParticleSystem.m */; };
		68D6C41D15C157EC001234B6 /* CCParticleSystemPoint.m in Sources */ = {isa = PBXBuildFile; fileRef = 68D6C41C15C157EC001234B6 /* CCParticleSystemPoint.m */; };
		68D6C42015C157EC001234B6 /* CCParticleSystemQuad.m in Sources */ = {isa = PBXBuildFile; fileRef = 68D6C41F15C157EC001234B6 /* CCParticleSystemQuad.m */; };
		68D6C42315C157EC001234B6 /* CCProgressTimer.m in Sources */ = {isa = PBXBuildFile; fileRef = 68D6C42215C157EC001234B6 /* CCProgressTimer.m */; };
		68D6C42715C157EC001234B6 /* CCRenderTexture.m in Sources */ = {isa = PBXBuildFile; fileRef = 68D6C42615C157EC001234B6 /* CCRenderTexture.m */; };
		68D6C42A15C157EC001234B6 /* CCRibbon.m in Sources */ = {isa = PBXBuildFile; fileRef = 68D6C42915C157EC001234B6 /* CCRibbon.m */; };
		68D6C42D15C157EC001234B6 /* CCScene.m in Sources */ = {isa = PBXBuildFile; fileRef = 68D6C42C15C157EC001234B6 /* CCScene.m */; };
		68D6C43015C157EC001234B6 /* CCScheduler.m in Sources */ = {isa = PBXBuildFile; fileRef = 68D6C42F15C157EC001234B6 /* CCScheduler.m */; };
		68D6C43315C157EC001234B6 /* CCSprite.m in Sources */ = {isa = PBXBuildFile; fileRef = 68D6C43215C157EC001234B6 /* CCSprite.m */; };
		68D6C43615C157EC001234B6 /* CCSpriteBatchNode.m in Sources */ = {isa = PBXBuildFile; fileRef = 68D6C43515C157EC001234B6 /* CCSpriteBatchNode.m */; };
		68D6C43915C157EC001234B6 /* CCSpriteFrame.m in Sources */ = {isa = PBXBuildFile; fileRef = 68D6C43815C157EC001234B6 /* CCSpriteFrame.m */; };
		68D6C43C15C157EC001234B6 /* CCSpriteFrameCache.m in Sources */ = {isa = PBXBuildFile; fileRef = 68D6C43B15C157EC001234B6 /* CCSpriteFrameCache.m */; };
		68D6C43F15C157EC001234B6 /* CCTexture2D.m in Sources */ = {isa = PBXBuildFile; fileRef = 68D6C43E15C157EC001234B6 /* CCTexture2D.m */; };
		68D6C44215C157EC001234B6 /* CCTextureAtlas.m in Sources */ = {isa = PBXBuildFile; fileRef = 68D6C44115C157EC001234B6 /* CCTextureAtlas.m */; };
		68D6C44515C157EC001234B6 /* CCTextureCache.m in Sources */ = {isa = PBXBuildFile; fileRef = 68D6C44415C157EC001234B6 /* CCTextureCache.m */; };
		68D6C44815C157EC001234B6 /* CCTexturePVR.m in Sources */ = {isa = PBXBuildFile; fileRef = 68D6C44715C157EC001234B6 /* CCTexturePVR.m */; };
		68D6C44B15C157EC001234B6 /* CCTileMapAtlas.m in Sources */ = {isa = PBXBuildFile; fileRef = 68D6C44A15C157EC001234B6 /* CCTileMapAtlas.m */; };
		68D6C44E15C157EC001234B6 /* CCTMXLayer.m in Sources */ = {isa = PBXBuildFile; fileRef = 68D6C44D15C157EC001234B6 /* CCTMXLayer.m */; };
		68D6C45115C157EC001234B6 /* CCTMXObjectGroup.m in Sources */ = {isa = PBXBuildFile; fileRef = 68D6C45015C157EC001234B6 /* CCTMXObjectGroup.m */; };
		68D6C45415C157EC001234B6 /* CCTMXTiledMap.m in Sources */ = {isa = PBXBuildFile; fileRef = 68D6C45315C157EC001234B6 /* CCTMXTiledMap.m */; };
		68D6C45715C157EC001234B6 /* CCTMXXMLParser.m in Sources */ = {isa = PBXBuildFile; fileRef = 68D6C45615C157EC001234B6 /* CCTMXXMLParser.m */; };
		68D6C45A15C157EC001234B6 /* CCTransition.m in Sources */ = {isa = PBXBuildFile; fileRef = 68D6C45915C157EC001234B6 /* CCTransition.m */; };
		68D6C45D15C157EC001234B6 /* CCTransitionPageTurn.m in Sources */ = {isa = PBXBuildFile; fileRef = 68D6C45C15C157EC001234B6 /* CCTransitionPageTurn.m */; };
		68D6C46015C157EC001234B6 /* CCTransitionRadial.m in Sources */ = {isa = PBXBuildFile; fileRef = 68D6C45F15C157EC001234B6 /* CCTransitionRadial.m */; };
		68D6C46415C157EC001234B6 /* cocos2d.m in Sources */ = {isa = PBXBuildFile; fileRef = 68D6C46315C157EC001234B6 /* cocos2d.m */; };
		68D6C46B15C157EC001234B6 /* CCDirectorIOS.m in Sources */ = {isa = PBXBuildFile; fileRef = 68D6C46A15C157EC001234B6 /* CCDirectorIOS.m */; };
		68D6C46F15C157EC001234B6 /* CCTouchDispatcher.m in Sources */ = {isa = PBXBuildFile; fileRef = 68D6C46E15C157EC001234B6 /* CCTouchDispatcher.m */; };
		68D6C47215C157EC001234B6 /* CCTouchHandler.m in Sources */ = {isa = PBXBuildFile; fileRef = 68D6C47115C157EC001234B6 /* CCTouchHandler.m */; };
		68D6C47515C157EC001234B6 /* EAGLView.m in Sources */ = {isa = PBXBuildFile; fileRef = 68D6C47415C157EC001234B6 /* EAGLView.m */; };
		68D6C47815C157EC001234B6 /* ES1Renderer.m in Sources */ = {isa = PBXBuildFile; fileRef = 68D6C47715C157EC001234B6 /* ES1Renderer.m */; };
		68D6C47B15C157EC001234B6 /* glu.c in Sources */ = {isa = PBXBuildFile; fileRef = 68D6C47A15C157EC001234B6 /* glu.c */; };
		68D6C48015C157EC001234B6 /* CCDirectorMac.m in Sources */ = {isa = PBXBuildFile; fileRef = 68D6C47F15C157EC001234B6 /* CCDirectorMac.m */; };
		68D6C48315C157EC001234B6 /* CCEventDispatcher.m in Sources */ = {isa = PBXBuildFile; fileRef = 68D6C48215C157EC001234B6 /* CCEventDispatcher.m */; };
		68D6C48615C157EC001234B6 /* MacGLView.m in Sources */ = {isa = PBXBuildFile; fileRef = 68D6C48515C157EC001234B6 /* MacGLView.m */; };
		68D6C48915C157EC001234B6 /* MacWindow.m in Sources */ = {isa = PBXBuildFile; fileRef = 68D6C48815C157EC001234B6 /* MacWindow.m */; };
		68D6C48C15C157EC001234B6 /* base64.c in Sources */ = {isa = PBXBuildFile; fileRef = 68D6C48B15C157EC001234B6 /* base64.c */; };
		68D6C49015C157EC001234B6 /* CCArray.m in Sources */ = {isa = PBXBuildFile; fileRef = 68D6C48F15C157EC001234B6 /* CCArray.m */; };
		68D6C49415C157EC001234B6 /* CCFileUtils.m in Sources */ = {isa = PBXBuildFile; fileRef = 68D6C49315C157EC001234B6 /* CCFileUtils.m */; };
		68D6C49715C157EC001234B6 /* CCProfiling.m in Sources */ = {isa = PBXBuildFile; fileRef = 68D6C49615C157EC001234B6 /* CCProfiling.m */; };
		68D6C49915C157EC001234B6 /* ccUtils.c in Sources */ = {isa = PBXBuildFile; fileRef = 68D6C49815C157EC001234B6 /* ccUtils.c */; };
		68D6C49D15C157EC001234B6 /* CGPointExtension.m in Sources */ = {isa = PBXBuildFile; fileRef = 68D6C49C15C157EC001234B6 /* CGPointExtension.m */; };
		68D6C4A115C157EC001234B6 /* TGAlib.m in Sources */ = {isa = PBXBuildFile; fileRef = 68D6C4A015C157EC001234B6 /* TGAlib.m */; };
		68D6C4A415C157EC001234B6 /* TransformUtils.m in Sources */ = {isa = PBXBuildFile; fileRef = 68D6C4A315C157EC001234B6 /* TransformUtils.m */; };
		68D6C4A915C157EC001234B6 /* ZipUtils.m in Sources */ = {isa = PBXBuildFile; fileRef = 68D6C4A815C157EC001234B6 /* ZipUtils.m */; };
		68D6C4AE15C157ED001234B6 /* CDAudioManager.m in Sources */ = {isa = PBXBuildFile; fileRef = 68D6C4AD15C157ED001234B6 /* CDAudioManager.m */; };
		68D6C4B215C157ED001234B6 /* CDOpenALSupport.m in Sources */ = {isa = PBXBuildFile; fileRef = 68D6C4B115C157ED001234B6 /* CDOpenALSupport.m */; };
		68D6C4B515C157ED001234B6 /* CocosDenshion.m in Sources */ = {isa = PBXBuildFile; fileRef = 68D6C4B415C157ED001234B6 /* CocosDenshion.m */; };
		68D6C4B815C157ED001234B6 /* SimpleAudioEngine.m in Sources */ = {isa = PBXBuildFile; fileRef = 68D6C4B715C157ED001234B6 /* SimpleAudioEngine.m */; };
		68D6C4BD15C157ED001234B6 /* CLScoreServerPost.m in Sources */ = {isa = PBXBuildFile; fileRef = 68D6C4BC15C157ED001234B6 /* CLScoreServerPost.m */; };
		68D6C4C015C157ED001234B6 /* CLScoreServerRequest.m in Sources */ = {isa = PBXBuildFile; fileRef = 68D6C4BF15C157ED001234B6 /* CLScoreServerRequest.m */; };
		68D6C4C315C157ED001234B6 /* cocoslive.m in Sources */ = {isa = PBXBuildFile; fileRef = 68D6C4C215C157ED001234B6 /* cocoslive.m */; };
		68D6C4C815C157ED001234B6 /* CDataScanner.m in Sources */ = {isa = PBXBuildFile; fileRef = 68D6C4C715C157ED001234B6 /* CDataScanner.m */; };
		68D6C4CC15C157ED001234B6 /* CDataScanner_Extensions.m in Sources */ = {isa = PBXBuildFile; fileRef = 68D6C4CB15C157ED001234B6 /* CDataScanner_Extensions.m */; };
		68D6C4CF15C157ED001234B6 /* NSDictionary_JSONExtensions.m in Sources */ = {isa = PBXBuildFile; fileRef = 68D6C4CE15C157ED001234B6 /* NSDictionary_JSONExtensions.m */; };
		68D6C4D315C157ED001234B6 /* CJSONDeserializer.m in Sources */ = {isa = PBXBuildFile; fileRef = 68D6C4D215C157ED001234B6 /* CJSONDeserializer.m */; };
		68D6C4D615C157ED001234B6 /* CJSONScanner.m in Sources */ = {isa = PBXBuildFile; fileRef = 68D6C4D515C157ED001234B6 /* CJSONScanner.m */; };
		68D6C4D915C157ED001234B6 /* CJSONSerializer.m in Sources */ = {isa = PBXBuildFile; fileRef = 68D6C4D815C157ED001234B6 /* CJSONSerializer.m */; };
		68D6C4DE15C157ED001234B6 /* FontLabel.m in Sources */ = {isa = PBXBuildFile; fileRef = 68D6C4DD15C157ED001234B6 /* FontLabel.m */; };
		68D6C4E115C157ED001234B6 /* FontLabelStringDrawing.m in Sources */ = {isa = PBXBuildFile; fileRef = 68D6C4E015C157ED001234B6 /* FontLabelStringDrawing.m */; };
		68D6C4E415C157ED001234B6 /* FontManager.m in Sources */ = {isa = PBXBuildFile; fileRef = 68D6C4E315C157ED001234B6 /* FontManager.m */; };
		68D6C4E715C157ED001234B6 /* ZAttributedString.m in Sources */ = {isa = PBXBuildFile; fileRef = 68D6C4E615C157ED001234B6 /* ZAttributedString.m */; };
		68D6C4EB15C157EE001234B6 /* ZFont.m in Sources */ = {isa = PBXBuildFile; fileRef = 68D6C4EA15C157EE001234B6 /* ZFont.m */; };
		68D6C4F015C157EE001234B6 /* main.m in Sources */ = {isa = PBXBuildFile; fileRef = 68D6C4EF15C157EE001234B6 /* main.m */; };
		68D6C4F315C157EE001234B6 /* AppDelegate.m in Sources */ = {isa = PBXBuildFile; fileRef = 68D6C4F215C157EE001234B6 /* AppDelegate.m */; };
		68D6C4F615C157EE001234B6 /* RootViewController.m in Sources */ = {isa = PBXBuildFile; fileRef = 68D6C4F515C157EE001234B6 /* RootViewController.m */; };
		68D6C4F915C157EE001234B6 /* HelloWorldLayer.m in Sources */ = {isa = PBXBuildFile; fileRef = 68D6C4F815C157EE001234B6 /* HelloWorldLayer.m */; };
/* End PBXBuildFile section */

/* Begin PBXFileReference section */
		68D6C38B15C157EB001234B6 /* WorldNotEven.app */ = {isa = PBXFileReference; explicitFileType = wrapper.application; includeInIndex = 0; path = WorldNotEven.app; sourceTree = BUILT_PRODUCTS_DIR; };
		68D6C38F15C157EB001234B6 /* QuartzCore.framework */ = {isa = PBXFileReference; lastKnownFileType = wrapper.framework; name = QuartzCore.framework; path = System/Library/Frameworks/QuartzCore.framework; sourceTree = SDKROOT; };
		68D6C39115C157EB001234B6 /* OpenGLES.framework */ = {isa = PBXFileReference; lastKnownFileType = wrapper.framework; name = OpenGLES.framework; path = System/Library/Frameworks/OpenGLES.framework; sourceTree = SDKROOT; };
		68D6C39315C157EB001234B6 /* OpenAL.framework */ = {isa = PBXFileReference; lastKnownFileType = wrapper.framework; name = OpenAL.framework; path = System/Library/Frameworks/OpenAL.framework; sourceTree = SDKROOT; };
		68D6C39515C157EB001234B6 /* AudioToolbox.framework */ = {isa = PBXFileReference; lastKnownFileType = wrapper.framework; name = AudioToolbox.framework; path = System/Library/Frameworks/AudioToolbox.framework; sourceTree = SDKROOT; };
		68D6C39715C157EB001234B6 /* AVFoundation.framework */ = {isa = PBXFileReference; lastKnownFileType = wrapper.framework; name = AVFoundation.framework; path = System/Library/Frameworks/AVFoundation.framework; sourceTree = SDKROOT; };
		68D6C39915C157EB001234B6 /* UIKit.framework */ = {isa = PBXFileReference; lastKnownFileType = wrapper.framework; name = UIKit.framework; path = System/Library/Frameworks/UIKit.framework; sourceTree = SDKROOT; };
		68D6C39B15C157EB001234B6 /* Foundation.framework */ = {isa = PBXFileReference; lastKnownFileType = wrapper.framework; name = Foundation.framework; path = System/Library/Frameworks/Foundation.framework; sourceTree = SDKROOT; };
		68D6C39D15C157EB001234B6 /* CoreGraphics.framework */ = {isa = PBXFileReference; lastKnownFileType = wrapper.framework; name = CoreGraphics.framework; path = System/Library/Frameworks/CoreGraphics.framework; sourceTree = SDKROOT; };
		68D6C3A115C157EB001234B6 /* Default.png */ = {isa = PBXFileReference; lastKnownFileType = image.png; name = Default.png; path = Resources/Default.png; sourceTree = "<group>"; };
		68D6C3A315C157EB001234B6 /* fps_images.png */ = {isa = PBXFileReference; lastKnownFileType = image.png; name = fps_images.png; path = Resources/fps_images.png; sourceTree = "<group>"; };
		68D6C3A515C157EB001234B6 /* Icon-72.png */ = {isa = PBXFileReference; lastKnownFileType = image.png; name = "Icon-72.png"; path = "Resources/Icon-72.png"; sourceTree = "<group>"; };
		68D6C3A715C157EB001234B6 /* Icon-Small-50.png */ = {isa = PBXFileReference; lastKnownFileType = image.png; name = "Icon-Small-50.png"; path = "Resources/Icon-Small-50.png"; sourceTree = "<group>"; };
		68D6C3A915C157EB001234B6 /* Icon-Small.png */ = {isa = PBXFileReference; lastKnownFileType = image.png; name = "Icon-Small.png"; path = "Resources/Icon-Small.png"; sourceTree = "<group>"; };
		68D6C3AB15C157EB001234B6 /* Icon-Small@2x.png */ = {isa = PBXFileReference; lastKnownFileType = image.png; name = "Icon-Small@2x.png"; path = "Resources/Icon-Small@2x.png"; sourceTree = "<group>"; };
		68D6C3AD15C157EB001234B6 /* Icon.png */ = {isa = PBXFileReference; lastKnownFileType = image.png; name = Icon.png; path = Resources/Icon.png; sourceTree = "<group>"; };
		68D6C3AF15C157EB001234B6 /* Icon@2x.png */ = {isa = PBXFileReference; lastKnownFileType = image.png; name = "Icon@2x.png"; path = "Resources/Icon@2x.png"; sourceTree = "<group>"; };
		68D6C3B115C157EB001234B6 /* Info.plist */ = {isa = PBXFileReference; name = Info.plist; path = Resources/Info.plist; sourceTree = "<group>"; };
		68D6C3B215C157EB001234B6 /* iTunesArtwork */ = {isa = PBXFileReference; lastKnownFileType = file; name = iTunesArtwork; path = Resources/iTunesArtwork; sourceTree = "<group>"; };
		68D6C3B615C157EB001234B6 /* CCAction.h */ = {isa = PBXFileReference; name = CCAction.h; path = libs/cocos2d/CCAction.h; sourceTree = "<group>"; };
		68D6C3B715C157EB001234B6 /* CCAction.m */ = {isa = PBXFileReference; lastKnownFileType = sourcecode.c.objc; name = CCAction.m; path = libs/cocos2d/CCAction.m; sourceTree = "<group>"; };
		68D6C3B915C157EB001234B6 /* CCActionCamera.h */ = {isa = PBXFileReference; name = CCActionCamera.h; path = libs/cocos2d/CCActionCamera.h; sourceTree = "<group>"; };
		68D6C3BA15C157EB001234B6 /* CCActionCamera.m */ = {isa = PBXFileReference; lastKnownFileType = sourcecode.c.objc; name = CCActionCamera.m; path = libs/cocos2d/CCActionCamera.m; sourceTree = "<group>"; };
		68D6C3BC15C157EB001234B6 /* CCActionEase.h */ = {isa = PBXFileReference; name = CCActionEase.h; path = libs/cocos2d/CCActionEase.h; sourceTree = "<group>"; };
		68D6C3BD15C157EB001234B6 /* CCActionEase.m */ = {isa = PBXFileReference; lastKnownFileType = sourcecode.c.objc; name = CCActionEase.m; path = libs/cocos2d/CCActionEase.m; sourceTree = "<group>"; };
		68D6C3BF15C157EB001234B6 /* CCActionGrid.h */ = {isa = PBXFileReference; name = CCActionGrid.h; path = libs/cocos2d/CCActionGrid.h; sourceTree = "<group>"; };
		68D6C3C015C157EB001234B6 /* CCActionGrid.m */ = {isa = PBXFileReference; lastKnownFileType = sourcecode.c.objc; name = CCActionGrid.m; path = libs/cocos2d/CCActionGrid.m; sourceTree = "<group>"; };
		68D6C3C215C157EB001234B6 /* CCActionGrid3D.h */ = {isa = PBXFileReference; name = CCActionGrid3D.h; path = libs/cocos2d/CCActionGrid3D.h; sourceTree = "<group>"; };
		68D6C3C315C157EB001234B6 /* CCActionGrid3D.m */ = {isa = PBXFileReference; lastKnownFileType = sourcecode.c.objc; name = CCActionGrid3D.m; path = libs/cocos2d/CCActionGrid3D.m; sourceTree = "<group>"; };
		68D6C3C515C157EB001234B6 /* CCActionInstant.h */ = {isa = PBXFileReference; name = CCActionInstant.h; path = libs/cocos2d/CCActionInstant.h; sourceTree = "<group>"; };
		68D6C3C615C157EB001234B6 /* CCActionInstant.m */ = {isa = PBXFileReference; lastKnownFileType = sourcecode.c.objc; name = CCActionInstant.m; path = libs/cocos2d/CCActionInstant.m; sourceTree = "<group>"; };
		68D6C3C815C157EB001234B6 /* CCActionInterval.h */ = {isa = PBXFileReference; name = CCActionInterval.h; path = libs/cocos2d/CCActionInterval.h; sourceTree = "<group>"; };
		68D6C3C915C157EB001234B6 /* CCActionInterval.m */ = {isa = PBXFileReference; lastKnownFileType = sourcecode.c.objc; name = CCActionInterval.m; path = libs/cocos2d/CCActionInterval.m; sourceTree = "<group>"; };
		68D6C3CB15C157EB001234B6 /* CCActionManager.h */ = {isa = PBXFileReference; name = CCActionManager.h; path = libs/cocos2d/CCActionManager.h; sourceTree = "<group>"; };
		68D6C3CC15C157EB001234B6 /* CCActionManager.m */ = {isa = PBXFileReference; lastKnownFileType = sourcecode.c.objc; name = CCActionManager.m; path = libs/cocos2d/CCActionManager.m; sourceTree = "<group>"; };
		68D6C3CE15C157EB001234B6 /* CCActionPageTurn3D.h */ = {isa = PBXFileReference; name = CCActionPageTurn3D.h; path = libs/cocos2d/CCActionPageTurn3D.h; sourceTree = "<group>"; };
		68D6C3CF15C157EB001234B6 /* CCActionPageTurn3D.m */ = {isa = PBXFileReference; lastKnownFileType = sourcecode.c.objc; name = CCActionPageTurn3D.m; path = libs/cocos2d/CCActionPageTurn3D.m; sourceTree = "<group>"; };
		68D6C3D115C157EB001234B6 /* CCActionProgressTimer.h */ = {isa = PBXFileReference; name = CCActionProgressTimer.h; path = libs/cocos2d/CCActionProgressTimer.h; sourceTree = "<group>"; };
		68D6C3D215C157EB001234B6 /* CCActionProgressTimer.m */ = {isa = PBXFileReference; lastKnownFileType = sourcecode.c.objc; name = CCActionProgressTimer.m; path = libs/cocos2d/CCActionProgressTimer.m; sourceTree = "<group>"; };
		68D6C3D415C157EB001234B6 /* CCActionTiledGrid.h */ = {isa = PBXFileReference; name = CCActionTiledGrid.h; path = libs/cocos2d/CCActionTiledGrid.h; sourceTree = "<group>"; };
		68D6C3D515C157EB001234B6 /* CCActionTiledGrid.m */ = {isa = PBXFileReference; lastKnownFileType = sourcecode.c.objc; name = CCActionTiledGrid.m; path = libs/cocos2d/CCActionTiledGrid.m; sourceTree = "<group>"; };
		68D6C3D715C157EB001234B6 /* CCActionTween.h */ = {isa = PBXFileReference; name = CCActionTween.h; path = libs/cocos2d/CCActionTween.h; sourceTree = "<group>"; };
		68D6C3D815C157EB001234B6 /* CCActionTween.m */ = {isa = PBXFileReference; lastKnownFileType = sourcecode.c.objc; name = CCActionTween.m; path = libs/cocos2d/CCActionTween.m; sourceTree = "<group>"; };
		68D6C3DA15C157EB001234B6 /* CCAnimation.h */ = {isa = PBXFileReference; name = CCAnimation.h; path = libs/cocos2d/CCAnimation.h; sourceTree = "<group>"; };
		68D6C3DB15C157EB001234B6 /* CCAnimation.m */ = {isa = PBXFileReference; lastKnownFileType = sourcecode.c.objc; name = CCAnimation.m; path = libs/cocos2d/CCAnimation.m; sourceTree = "<group>"; };
		68D6C3DD15C157EB001234B6 /* CCAnimationCache.h */ = {isa = PBXFileReference; name = CCAnimationCache.h; path = libs/cocos2d/CCAnimationCache.h; sourceTree = "<group>"; };
		68D6C3DE15C157EB001234B6 /* CCAnimationCache.m */ = {isa = PBXFileReference; lastKnownFileType = sourcecode.c.objc; name = CCAnimationCache.m; path = libs/cocos2d/CCAnimationCache.m; sourceTree = "<group>"; };
		68D6C3E015C157EB001234B6 /* CCAtlasNode.h */ = {isa = PBXFileReference; name = CCAtlasNode.h; path = libs/cocos2d/CCAtlasNode.h; sourceTree = "<group>"; };
		68D6C3E115C157EB001234B6 /* CCAtlasNode.m */ = {isa = PBXFileReference; lastKnownFileType = sourcecode.c.objc; name = CCAtlasNode.m; path = libs/cocos2d/CCAtlasNode.m; sourceTree = "<group>"; };
		68D6C3E315C157EB001234B6 /* CCBlockSupport.h */ = {isa = PBXFileReference; name = CCBlockSupport.h; path = libs/cocos2d/CCBlockSupport.h; sourceTree = "<group>"; };
		68D6C3E415C157EB001234B6 /* CCBlockSupport.m */ = {isa = PBXFileReference; lastKnownFileType = sourcecode.c.objc; name = CCBlockSupport.m; path = libs/cocos2d/CCBlockSupport.m; sourceTree = "<group>"; };
		68D6C3E615C157EB001234B6 /* CCCamera.h */ = {isa = PBXFileReference; name = CCCamera.h; path = libs/cocos2d/CCCamera.h; sourceTree = "<group>"; };
		68D6C3E715C157EB001234B6 /* CCCamera.m */ = {isa = PBXFileReference; lastKnownFileType = sourcecode.c.objc; name = CCCamera.m; path = libs/cocos2d/CCCamera.m; sourceTree = "<group>"; };
		68D6C3E915C157EB001234B6 /* ccConfig.h */ = {isa = PBXFileReference; name = ccConfig.h; path = libs/cocos2d/ccConfig.h; sourceTree = "<group>"; };
		68D6C3EA15C157EB001234B6 /* CCConfiguration.h */ = {isa = PBXFileReference; name = CCConfiguration.h; path = libs/cocos2d/CCConfiguration.h; sourceTree = "<group>"; };
		68D6C3EB15C157EB001234B6 /* CCConfiguration.m */ = {isa = PBXFileReference; lastKnownFileType = sourcecode.c.objc; name = CCConfiguration.m; path = libs/cocos2d/CCConfiguration.m; sourceTree = "<group>"; };
		68D6C3ED15C157EB001234B6 /* CCDirector.h */ = {isa = PBXFileReference; name = CCDirector.h; path = libs/cocos2d/CCDirector.h; sourceTree = "<group>"; };
		68D6C3EE15C157EB001234B6 /* CCDirector.m */ = {isa = PBXFileReference; lastKnownFileType = sourcecode.c.objc; name = CCDirector.m; path = libs/cocos2d/CCDirector.m; sourceTree = "<group>"; };
		68D6C3F015C157EB001234B6 /* CCDrawingPrimitives.h */ = {isa = PBXFileReference; name = CCDrawingPrimitives.h; path = libs/cocos2d/CCDrawingPrimitives.h; sourceTree = "<group>"; };
		68D6C3F115C157EB001234B6 /* CCDrawingPrimitives.m */ = {isa = PBXFileReference; lastKnownFileType = sourcecode.c.objc; name = CCDrawingPrimitives.m; path = libs/cocos2d/CCDrawingPrimitives.m; sourceTree = "<group>"; };
		68D6C3F315C157EB001234B6 /* CCGrabber.h */ = {isa = PBXFileReference; name = CCGrabber.h; path = libs/cocos2d/CCGrabber.h; sourceTree = "<group>"; };
		68D6C3F415C157EB001234B6 /* CCGrabber.m */ = {isa = PBXFileReference; lastKnownFileType = sourcecode.c.objc; name = CCGrabber.m; path = libs/cocos2d/CCGrabber.m; sourceTree = "<group>"; };
		68D6C3F615C157EB001234B6 /* CCGrid.h */ = {isa = PBXFileReference; name = CCGrid.h; path = libs/cocos2d/CCGrid.h; sourceTree = "<group>"; };
		68D6C3F715C157EB001234B6 /* CCGrid.m */ = {isa = PBXFileReference; lastKnownFileType = sourcecode.c.objc; name = CCGrid.m; path = libs/cocos2d/CCGrid.m; sourceTree = "<group>"; };
		68D6C3F915C157EB001234B6 /* CCLabelAtlas.h */ = {isa = PBXFileReference; name = CCLabelAtlas.h; path = libs/cocos2d/CCLabelAtlas.h; sourceTree = "<group>"; };
		68D6C3FA15C157EB001234B6 /* CCLabelAtlas.m */ = {isa = PBXFileReference; lastKnownFileType = sourcecode.c.objc; name = CCLabelAtlas.m; path = libs/cocos2d/CCLabelAtlas.m; sourceTree = "<group>"; };
		68D6C3FC15C157EB001234B6 /* CCLabelBMFont.h */ = {isa = PBXFileReference; name = CCLabelBMFont.h; path = libs/cocos2d/CCLabelBMFont.h; sourceTree = "<group>"; };
		68D6C3FD15C157EB001234B6 /* CCLabelBMFont.m */ = {isa = PBXFileReference; lastKnownFileType = sourcecode.c.objc; name = CCLabelBMFont.m; path = libs/cocos2d/CCLabelBMFont.m; sourceTree = "<group>"; };
		68D6C3FF15C157EB001234B6 /* CCLabelTTF.h */ = {isa = PBXFileReference; name = CCLabelTTF.h; path = libs/cocos2d/CCLabelTTF.h; sourceTree = "<group>"; };
		68D6C40015C157EB001234B6 /* CCLabelTTF.m */ = {isa = PBXFileReference; lastKnownFileType = sourcecode.c.objc; name = CCLabelTTF.m; path = libs/cocos2d/CCLabelTTF.m; sourceTree = "<group>"; };
		68D6C40215C157EB001234B6 /* CCLayer.h */ = {isa = PBXFileReference; name = CCLayer.h; path = libs/cocos2d/CCLayer.h; sourceTree = "<group>"; };
		68D6C40315C157EB001234B6 /* CCLayer.m */ = {isa = PBXFileReference; lastKnownFileType = sourcecode.c.objc; name = CCLayer.m; path = libs/cocos2d/CCLayer.m; sourceTree = "<group>"; };
		68D6C40515C157EB001234B6 /* ccMacros.h */ = {isa = PBXFileReference; name = ccMacros.h; path = libs/cocos2d/ccMacros.h; sourceTree = "<group>"; };
		68D6C40615C157EB001234B6 /* CCMenu.h */ = {isa = PBXFileReference; name = CCMenu.h; path = libs/cocos2d/CCMenu.h; sourceTree = "<group>"; };
		68D6C40715C157EB001234B6 /* CCMenu.m */ = {isa = PBXFileReference; lastKnownFileType = sourcecode.c.objc; name = CCMenu.m; path = libs/cocos2d/CCMenu.m; sourceTree = "<group>"; };
		68D6C40915C157EB001234B6 /* CCMenuItem.h */ = {isa = PBXFileReference; name = CCMenuItem.h; path = libs/cocos2d/CCMenuItem.h; sourceTree = "<group>"; };
		68D6C40A15C157EB001234B6 /* CCMenuItem.m */ = {isa = PBXFileReference; lastKnownFileType = sourcecode.c.objc; name = CCMenuItem.m; path = libs/cocos2d/CCMenuItem.m; sourceTree = "<group>"; };
		68D6C40C15C157EB001234B6 /* CCMotionStreak.h */ = {isa = PBXFileReference; name = CCMotionStreak.h; path = libs/cocos2d/CCMotionStreak.h; sourceTree = "<group>"; };
		68D6C40D15C157EB001234B6 /* CCMotionStreak.m */ = {isa = PBXFileReference; lastKnownFileType = sourcecode.c.objc; name = CCMotionStreak.m; path = libs/cocos2d/CCMotionStreak.m; sourceTree = "<group>"; };
		68D6C40F15C157EC001234B6 /* CCNode.h */ = {isa = PBXFileReference; name = CCNode.h; path = libs/cocos2d/CCNode.h; sourceTree = "<group>"; };
		68D6C41015C157EC001234B6 /* CCNode.m */ = {isa = PBXFileReference; lastKnownFileType = sourcecode.c.objc; name = CCNode.m; path = libs/cocos2d/CCNode.m; sourceTree = "<group>"; };
		68D6C41215C157EC001234B6 /* CCParallaxNode.h */ = {isa = PBXFileReference; name = CCParallaxNode.h; path = libs/cocos2d/CCParallaxNode.h; sourceTree = "<group>"; };
		68D6C41315C157EC001234B6 /* CCParallaxNode.m */ = {isa = PBXFileReference; lastKnownFileType = sourcecode.c.objc; name = CCParallaxNode.m; path = libs/cocos2d/CCParallaxNode.m; sourceTree = "<group>"; };
		68D6C41515C157EC001234B6 /* CCParticleExamples.h */ = {isa = PBXFileReference; name = CCParticleExamples.h; path = libs/cocos2d/CCParticleExamples.h; sourceTree = "<group>"; };
		68D6C41615C157EC001234B6 /* CCParticleExamples.m */ = {isa = PBXFileReference; lastKnownFileType = sourcecode.c.objc; name = CCParticleExamples.m; path = libs/cocos2d/CCParticleExamples.m; sourceTree = "<group>"; };
		68D6C41815C157EC001234B6 /* CCParticleSystem.h */ = {isa = PBXFileReference; name = CCParticleSystem.h; path = libs/cocos2d/CCParticleSystem.h; sourceTree = "<group>"; };
		68D6C41915C157EC001234B6 /* CCParticleSystem.m */ = {isa = PBXFileReference; lastKnownFileType = sourcecode.c.objc; name = CCParticleSystem.m; path = libs/cocos2d/CCParticleSystem.m; sourceTree = "<group>"; };
		68D6C41B15C157EC001234B6 /* CCParticleSystemPoint.h */ = {isa = PBXFileReference; name = CCParticleSystemPoint.h; path = libs/cocos2d/CCParticleSystemPoint.h; sourceTree = "<group>"; };
		68D6C41C15C157EC001234B6 /* CCParticleSystemPoint.m */ = {isa = PBXFileReference; lastKnownFileType = sourcecode.c.objc; name = CCParticleSystemPoint.m; path = libs/cocos2d/CCParticleSystemPoint.m; sourceTree = "<group>"; };
		68D6C41E15C157EC001234B6 /* CCParticleSystemQuad.h */ = {isa = PBXFileReference; name = CCParticleSystemQuad.h; path = libs/cocos2d/CCParticleSystemQuad.h; sourceTree = "<group>"; };
		68D6C41F15C157EC001234B6 /* CCParticleSystemQuad.m */ = {isa = PBXFileReference; lastKnownFileType = sourcecode.c.objc; name = CCParticleSystemQuad.m; path = libs/cocos2d/CCParticleSystemQuad.m; sourceTree = "<group>"; };
		68D6C42115C157EC001234B6 /* CCProgressTimer.h */ = {isa = PBXFileReference; name = CCProgressTimer.h; path = libs/cocos2d/CCProgressTimer.h; sourceTree = "<group>"; };
		68D6C42215C157EC001234B6 /* CCProgressTimer.m */ = {isa = PBXFileReference; lastKnownFileType = sourcecode.c.objc; name = CCProgressTimer.m; path = libs/cocos2d/CCProgressTimer.m; sourceTree = "<group>"; };
		68D6C42415C157EC001234B6 /* CCProtocols.h */ = {isa = PBXFileReference; name = CCProtocols.h; path = libs/cocos2d/CCProtocols.h; sourceTree = "<group>"; };
		68D6C42515C157EC001234B6 /* CCRenderTexture.h */ = {isa = PBXFileReference; name = CCRenderTexture.h; path = libs/cocos2d/CCRenderTexture.h; sourceTree = "<group>"; };
		68D6C42615C157EC001234B6 /* CCRenderTexture.m */ = {isa = PBXFileReference; lastKnownFileType = sourcecode.c.objc; name = CCRenderTexture.m; path = libs/cocos2d/CCRenderTexture.m; sourceTree = "<group>"; };
		68D6C42815C157EC001234B6 /* CCRibbon.h */ = {isa = PBXFileReference; name = CCRibbon.h; path = libs/cocos2d/CCRibbon.h; sourceTree = "<group>"; };
		68D6C42915C157EC001234B6 /* CCRibbon.m */ = {isa = PBXFileReference; lastKnownFileType = sourcecode.c.objc; name = CCRibbon.m; path = libs/cocos2d/CCRibbon.m; sourceTree = "<group>"; };
		68D6C42B15C157EC001234B6 /* CCScene.h */ = {isa = PBXFileReference; name = CCScene.h; path = libs/cocos2d/CCScene.h; sourceTree = "<group>"; };
		68D6C42C15C157EC001234B6 /* CCScene.m */ = {isa = PBXFileReference; lastKnownFileType = sourcecode.c.objc; name = CCScene.m; path = libs/cocos2d/CCScene.m; sourceTree = "<group>"; };
		68D6C42E15C157EC001234B6 /* CCScheduler.h */ = {isa = PBXFileReference; name = CCScheduler.h; path = libs/cocos2d/CCScheduler.h; sourceTree = "<group>"; };
		68D6C42F15C157EC001234B6 /* CCScheduler.m */ = {isa = PBXFileReference; lastKnownFileType = sourcecode.c.objc; name = CCScheduler.m; path = libs/cocos2d/CCScheduler.m; sourceTree = "<group>"; };
		68D6C43115C157EC001234B6 /* CCSprite.h */ = {isa = PBXFileReference; name = CCSprite.h; path = libs/cocos2d/CCSprite.h; sourceTree = "<group>"; };
		68D6C43215C157EC001234B6 /* CCSprite.m */ = {isa = PBXFileReference; lastKnownFileType = sourcecode.c.objc; name = CCSprite.m; path = libs/cocos2d/CCSprite.m; sourceTree = "<group>"; };
		68D6C43415C157EC001234B6 /* CCSpriteBatchNode.h */ = {isa = PBXFileReference; name = CCSpriteBatchNode.h; path = libs/cocos2d/CCSpriteBatchNode.h; sourceTree = "<group>"; };
		68D6C43515C157EC001234B6 /* CCSpriteBatchNode.m */ = {isa = PBXFileReference; lastKnownFileType = sourcecode.c.objc; name = CCSpriteBatchNode.m; path = libs/cocos2d/CCSpriteBatchNode.m; sourceTree = "<group>"; };
		68D6C43715C157EC001234B6 /* CCSpriteFrame.h */ = {isa = PBXFileReference; name = CCSpriteFrame.h; path = libs/cocos2d/CCSpriteFrame.h; sourceTree = "<group>"; };
		68D6C43815C157EC001234B6 /* CCSpriteFrame.m */ = {isa = PBXFileReference; lastKnownFileType = sourcecode.c.objc; name = CCSpriteFrame.m; path = libs/cocos2d/CCSpriteFrame.m; sourceTree = "<group>"; };
		68D6C43A15C157EC001234B6 /* CCSpriteFrameCache.h */ = {isa = PBXFileReference; name = CCSpriteFrameCache.h; path = libs/cocos2d/CCSpriteFrameCache.h; sourceTree = "<group>"; };
		68D6C43B15C157EC001234B6 /* CCSpriteFrameCache.m */ = {isa = PBXFileReference; lastKnownFileType = sourcecode.c.objc; name = CCSpriteFrameCache.m; path = libs/cocos2d/CCSpriteFrameCache.m; sourceTree = "<group>"; };
		68D6C43D15C157EC001234B6 /* CCTexture2D.h */ = {isa = PBXFileReference; name = CCTexture2D.h; path = libs/cocos2d/CCTexture2D.h; sourceTree = "<group>"; };
		68D6C43E15C157EC001234B6 /* CCTexture2D.m */ = {isa = PBXFileReference; lastKnownFileType = sourcecode.c.objc; name = CCTexture2D.m; path = libs/cocos2d/CCTexture2D.m; sourceTree = "<group>"; };
		68D6C44015C157EC001234B6 /* CCTextureAtlas.h */ = {isa = PBXFileReference; name = CCTextureAtlas.h; path = libs/cocos2d/CCTextureAtlas.h; sourceTree = "<group>"; };
		68D6C44115C157EC001234B6 /* CCTextureAtlas.m */ = {isa = PBXFileReference; lastKnownFileType = sourcecode.c.objc; name = CCTextureAtlas.m; path = libs/cocos2d/CCTextureAtlas.m; sourceTree = "<group>"; };
		68D6C44315C157EC001234B6 /* CCTextureCache.h */ = {isa = PBXFileReference; name = CCTextureCache.h; path = libs/cocos2d/CCTextureCache.h; sourceTree = "<group>"; };
		68D6C44415C157EC001234B6 /* CCTextureCache.m */ = {isa = PBXFileReference; lastKnownFileType = sourcecode.c.objc; name = CCTextureCache.m; path = libs/cocos2d/CCTextureCache.m; sourceTree = "<group>"; };
		68D6C44615C157EC001234B6 /* CCTexturePVR.h */ = {isa = PBXFileReference; name = CCTexturePVR.h; path = libs/cocos2d/CCTexturePVR.h; sourceTree = "<group>"; };
		68D6C44715C157EC001234B6 /* CCTexturePVR.m */ = {isa = PBXFileReference; lastKnownFileType = sourcecode.c.objc; name = CCTexturePVR.m; path = libs/cocos2d/CCTexturePVR.m; sourceTree = "<group>"; };
		68D6C44915C157EC001234B6 /* CCTileMapAtlas.h */ = {isa = PBXFileReference; name = CCTileMapAtlas.h; path = libs/cocos2d/CCTileMapAtlas.h; sourceTree = "<group>"; };
		68D6C44A15C157EC001234B6 /* CCTileMapAtlas.m */ = {isa = PBXFileReference; lastKnownFileType = sourcecode.c.objc; name = CCTileMapAtlas.m; path = libs/cocos2d/CCTileMapAtlas.m; sourceTree = "<group>"; };
		68D6C44C15C157EC001234B6 /* CCTMXLayer.h */ = {isa = PBXFileReference; name = CCTMXLayer.h; path = libs/cocos2d/CCTMXLayer.h; sourceTree = "<group>"; };
		68D6C44D15C157EC001234B6 /* CCTMXLayer.m */ = {isa = PBXFileReference; lastKnownFileType = sourcecode.c.objc; name = CCTMXLayer.m; path = libs/cocos2d/CCTMXLayer.m; sourceTree = "<group>"; };
		68D6C44F15C157EC001234B6 /* CCTMXObjectGroup.h */ = {isa = PBXFileReference; name = CCTMXObjectGroup.h; path = libs/cocos2d/CCTMXObjectGroup.h; sourceTree = "<group>"; };
		68D6C45015C157EC001234B6 /* CCTMXObjectGroup.m */ = {isa = PBXFileReference; lastKnownFileType = sourcecode.c.objc; name = CCTMXObjectGroup.m; path = libs/cocos2d/CCTMXObjectGroup.m; sourceTree = "<group>"; };
		68D6C45215C157EC001234B6 /* CCTMXTiledMap.h */ = {isa = PBXFileReference; name = CCTMXTiledMap.h; path = libs/cocos2d/CCTMXTiledMap.h; sourceTree = "<group>"; };
		68D6C45315C157EC001234B6 /* CCTMXTiledMap.m */ = {isa = PBXFileReference; lastKnownFileType = sourcecode.c.objc; name = CCTMXTiledMap.m; path = libs/cocos2d/CCTMXTiledMap.m; sourceTree = "<group>"; };
		68D6C45515C157EC001234B6 /* CCTMXXMLParser.h */ = {isa = PBXFileReference; name = CCTMXXMLParser.h; path = libs/cocos2d/CCTMXXMLParser.h; sourceTree = "<group>"; };
		68D6C45615C157EC001234B6 /* CCTMXXMLParser.m */ = {isa = PBXFileReference; lastKnownFileType = sourcecode.c.objc; name = CCTMXXMLParser.m; path = libs/cocos2d/CCTMXXMLParser.m; sourceTree = "<group>"; };
		68D6C45815C157EC001234B6 /* CCTransition.h */ = {isa = PBXFileReference; name = CCTransition.h; path = libs/cocos2d/CCTransition.h; sourceTree = "<group>"; };
		68D6C45915C157EC001234B6 /* CCTransition.m */ = {isa = PBXFileReference; lastKnownFileType = sourcecode.c.objc; name = CCTransition.m; path = libs/cocos2d/CCTransition.m; sourceTree = "<group>"; };
		68D6C45B15C157EC001234B6 /* CCTransitionPageTurn.h */ = {isa = PBXFileReference; name = CCTransitionPageTurn.h; path = libs/cocos2d/CCTransitionPageTurn.h; sourceTree = "<group>"; };
		68D6C45C15C157EC001234B6 /* CCTransitionPageTurn.m */ = {isa = PBXFileReference; lastKnownFileType = sourcecode.c.objc; name = CCTransitionPageTurn.m; path = libs/cocos2d/CCTransitionPageTurn.m; sourceTree = "<group>"; };
		68D6C45E15C157EC001234B6 /* CCTransitionRadial.h */ = {isa = PBXFileReference; name = CCTransitionRadial.h; path = libs/cocos2d/CCTransitionRadial.h; sourceTree = "<group>"; };
		68D6C45F15C157EC001234B6 /* CCTransitionRadial.m */ = {isa = PBXFileReference; lastKnownFileType = sourcecode.c.objc; name = CCTransitionRadial.m; path = libs/cocos2d/CCTransitionRadial.m; sourceTree = "<group>"; };
		68D6C46115C157EC001234B6 /* ccTypes.h */ = {isa = PBXFileReference; name = ccTypes.h; path = libs/cocos2d/ccTypes.h; sourceTree = "<group>"; };
		68D6C46215C157EC001234B6 /* cocos2d.h */ = {isa = PBXFileReference; name = cocos2d.h; path = libs/cocos2d/cocos2d.h; sourceTree = "<group>"; };
		68D6C46315C157EC001234B6 /* cocos2d.m */ = {isa = PBXFileReference; lastKnownFileType = sourcecode.c.objc; name = cocos2d.m; path = libs/cocos2d/cocos2d.m; sourceTree = "<group>"; };
		68D6C46615C157EC001234B6 /* CCGL.h */ = {isa = PBXFileReference; name = CCGL.h; path = libs/cocos2d/Platforms/CCGL.h; sourceTree = "<group>"; };
		68D6C46715C157EC001234B6 /* CCNS.h */ = {isa = PBXFileReference; name = CCNS.h; path = libs/cocos2d/Platforms/CCNS.h; sourceTree = "<group>"; };
		68D6C46915C157EC001234B6 /* CCDirectorIOS.h */ = {isa = PBXFileReference; name = CCDirectorIOS.h; path = libs/cocos2d/Platforms/iOS/CCDirectorIOS.h; sourceTree = "<group>"; };
		68D6C46A15C157EC001234B6 /* CCDirectorIOS.m */ = {isa = PBXFileReference; lastKnownFileType = sourcecode.c.objc; name = CCDirectorIOS.m; path = libs/cocos2d/Platforms/iOS/CCDirectorIOS.m; sourceTree = "<group>"; };
		68D6C46C15C157EC001234B6 /* CCTouchDelegateProtocol.h */ = {isa = PBXFileReference; name = CCTouchDelegateProtocol.h; path = libs/cocos2d/Platforms/iOS/CCTouchDelegateProtocol.h; sourceTree = "<group>"; };
		68D6C46D15C157EC001234B6 /* CCTouchDispatcher.h */ = {isa = PBXFileReference; name = CCTouchDispatcher.h; path = libs/cocos2d/Platforms/iOS/CCTouchDispatcher.h; sourceTree = "<group>"; };
		68D6C46E15C157EC001234B6 /* CCTouchDispatcher.m */ = {isa = PBXFileReference; lastKnownFileType = sourcecode.c.objc; name = CCTouchDispatcher.m; path = libs/cocos2d/Platforms/iOS/CCTouchDispatcher.m; sourceTree = "<group>"; };
		68D6C47015C157EC001234B6 /* CCTouchHandler.h */ = {isa = PBXFileReference; name = CCTouchHandler.h; path = libs/cocos2d/Platforms/iOS/CCTouchHandler.h; sourceTree = "<group>"; };
		68D6C47115C157EC001234B6 /* CCTouchHandler.m */ = {isa = PBXFileReference; lastKnownFileType = sourcecode.c.objc; name = CCTouchHandler.m; path = libs/cocos2d/Platforms/iOS/CCTouchHandler.m; sourceTree = "<group>"; };
		68D6C47315C157EC001234B6 /* EAGLView.h */ = {isa = PBXFileReference; name = EAGLView.h; path = libs/cocos2d/Platforms/iOS/EAGLView.h; sourceTree = "<group>"; };
		68D6C47415C157EC001234B6 /* EAGLView.m */ = {isa = PBXFileReference; lastKnownFileType = sourcecode.c.objc; name = EAGLView.m; path = libs/cocos2d/Platforms/iOS/EAGLView.m; sourceTree = "<group>"; };
		68D6C47615C157EC001234B6 /* ES1Renderer.h */ = {isa = PBXFileReference; name = ES1Renderer.h; path = libs/cocos2d/Platforms/iOS/ES1Renderer.h; sourceTree = "<group>"; };
		68D6C47715C157EC001234B6 /* ES1Renderer.m */ = {isa = PBXFileReference; lastKnownFileType = sourcecode.c.objc; name = ES1Renderer.m; path = libs/cocos2d/Platforms/iOS/ES1Renderer.m; sourceTree = "<group>"; };
		68D6C47915C157EC001234B6 /* ESRenderer.h */ = {isa = PBXFileReference; name = ESRenderer.h; path = libs/cocos2d/Platforms/iOS/ESRenderer.h; sourceTree = "<group>"; };
		68D6C47A15C157EC001234B6 /* glu.c */ = {isa = PBXFileReference; lastKnownFileType = sourcecode.c.c; name = glu.c; path = libs/cocos2d/Platforms/iOS/glu.c; sourceTree = "<group>"; };
		68D6C47C15C157EC001234B6 /* glu.h */ = {isa = PBXFileReference; name = glu.h; path = libs/cocos2d/Platforms/iOS/glu.h; sourceTree = "<group>"; };
		68D6C47E15C157EC001234B6 /* CCDirectorMac.h */ = {isa = PBXFileReference; name = CCDirectorMac.h; path = libs/cocos2d/Platforms/Mac/CCDirectorMac.h; sourceTree = "<group>"; };
		68D6C47F15C157EC001234B6 /* CCDirectorMac.m */ = {isa = PBXFileReference; lastKnownFileType = sourcecode.c.objc; name = CCDirectorMac.m; path = libs/cocos2d/Platforms/Mac/CCDirectorMac.m; sourceTree = "<group>"; };
		68D6C48115C157EC001234B6 /* CCEventDispatcher.h */ = {isa = PBXFileReference; name = CCEventDispatcher.h; path = libs/cocos2d/Platforms/Mac/CCEventDispatcher.h; sourceTree = "<group>"; };
		68D6C48215C157EC001234B6 /* CCEventDispatcher.m */ = {isa = PBXFileReference; lastKnownFileType = sourcecode.c.objc; name = CCEventDispatcher.m; path = libs/cocos2d/Platforms/Mac/CCEventDispatcher.m; sourceTree = "<group>"; };
		68D6C48415C157EC001234B6 /* MacGLView.h */ = {isa = PBXFileReference; name = MacGLView.h; path = libs/cocos2d/Platforms/Mac/MacGLView.h; sourceTree = "<group>"; };
		68D6C48515C157EC001234B6 /* MacGLView.m */ = {isa = PBXFileReference; lastKnownFileType = sourcecode.c.objc; name = MacGLView.m; path = libs/cocos2d/Platforms/Mac/MacGLView.m; sourceTree = "<group>"; };
		68D6C48715C157EC001234B6 /* MacWindow.h */ = {isa = PBXFileReference; name = MacWindow.h; path = libs/cocos2d/Platforms/Mac/MacWindow.h; sourceTree = "<group>"; };
		68D6C48815C157EC001234B6 /* MacWindow.m */ = {isa = PBXFileReference; lastKnownFileType = sourcecode.c.objc; name = MacWindow.m; path = libs/cocos2d/Platforms/Mac/MacWindow.m; sourceTree = "<group>"; };
		68D6C48B15C157EC001234B6 /* base64.c */ = {isa = PBXFileReference; lastKnownFileType = sourcecode.c.c; name = base64.c; path = libs/cocos2d/Support/base64.c; sourceTree = "<group>"; };
		68D6C48D15C157EC001234B6 /* base64.h */ = {isa = PBXFileReference; name = base64.h; path = libs/cocos2d/Support/base64.h; sourceTree = "<group>"; };
		68D6C48E15C157EC001234B6 /* CCArray.h */ = {isa = PBXFileReference; name = CCArray.h; path = libs/cocos2d/Support/CCArray.h; sourceTree = "<group>"; };
		68D6C48F15C157EC001234B6 /* CCArray.m */ = {isa = PBXFileReference; lastKnownFileType = sourcecode.c.objc; name = CCArray.m; path = libs/cocos2d/Support/CCArray.m; sourceTree = "<group>"; };
		68D6C49115C157EC001234B6 /* ccCArray.h */ = {isa = PBXFileReference; name = ccCArray.h; path = libs/cocos2d/Support/ccCArray.h; sourceTree = "<group>"; };
		68D6C49215C157EC001234B6 /* CCFileUtils.h */ = {isa = PBXFileReference; name = CCFileUtils.h; path = libs/cocos2d/Support/CCFileUtils.h; sourceTree = "<group>"; };
		68D6C49315C157EC001234B6 /* CCFileUtils.m */ = {isa = PBXFileReference; lastKnownFileType = sourcecode.c.objc; name = CCFileUtils.m; path = libs/cocos2d/Support/CCFileUtils.m; sourceTree = "<group>"; };
		68D6C49515C157EC001234B6 /* CCProfiling.h */ = {isa = PBXFileReference; name = CCProfiling.h; path = libs/cocos2d/Support/CCProfiling.h; sourceTree = "<group>"; };
		68D6C49615C157EC001234B6 /* CCProfiling.m */ = {isa = PBXFileReference; lastKnownFileType = sourcecode.c.objc; name = CCProfiling.m; path = libs/cocos2d/Support/CCProfiling.m; sourceTree = "<group>"; };
		68D6C49815C157EC001234B6 /* ccUtils.c */ = {isa = PBXFileReference; lastKnownFileType = sourcecode.c.c; name = ccUtils.c; path = libs/cocos2d/Support/ccUtils.c; sourceTree = "<group>"; };
		68D6C49A15C157EC001234B6 /* ccUtils.h */ = {isa = PBXFileReference; name = ccUtils.h; path = libs/cocos2d/Support/ccUtils.h; sourceTree = "<group>"; };
		68D6C49B15C157EC001234B6 /* CGPointExtension.h */ = {isa = PBXFileReference; name = CGPointExtension.h; path = libs/cocos2d/Support/CGPointExtension.h; sourceTree = "<group>"; };
		68D6C49C15C157EC001234B6 /* CGPointExtension.m */ = {isa = PBXFileReference; lastKnownFileType = sourcecode.c.objc; name = CGPointExtension.m; path = libs/cocos2d/Support/CGPointExtension.m; sourceTree = "<group>"; };
		68D6C49E15C157EC001234B6 /* OpenGL_Internal.h */ = {isa = PBXFileReference; name = OpenGL_Internal.h; path = libs/cocos2d/Support/OpenGL_Internal.h; sourceTree = "<group>"; };
		68D6C49F15C157EC001234B6 /* TGAlib.h */ = {isa = PBXFileReference; name = TGAlib.h; path = libs/cocos2d/Support/TGAlib.h; sourceTree = "<group>"; };
		68D6C4A015C157EC001234B6 /* TGAlib.m */ = {isa = PBXFileReference; lastKnownFileType = sourcecode.c.objc; name = TGAlib.m; path = libs/cocos2d/Support/TGAlib.m; sourceTree = "<group>"; };
		68D6C4A215C157EC001234B6 /* TransformUtils.h */ = {isa = PBXFileReference; name = TransformUtils.h; path = libs/cocos2d/Support/TransformUtils.h; sourceTree = "<group>"; };
		68D6C4A315C157EC001234B6 /* TransformUtils.m */ = {isa = PBXFileReference; lastKnownFileType = sourcecode.c.objc; name = TransformUtils.m; path = libs/cocos2d/Support/TransformUtils.m; sourceTree = "<group>"; };
		68D6C4A515C157EC001234B6 /* uthash.h */ = {isa = PBXFileReference; name = uthash.h; path = libs/cocos2d/Support/uthash.h; sourceTree = "<group>"; };
		68D6C4A615C157EC001234B6 /* utlist.h */ = {isa = PBXFileReference; name = utlist.h; path = libs/cocos2d/Support/utlist.h; sourceTree = "<group>"; };
		68D6C4A715C157EC001234B6 /* ZipUtils.h */ = {isa = PBXFileReference; name = ZipUtils.h; path = libs/cocos2d/Support/ZipUtils.h; sourceTree = "<group>"; };
		68D6C4A815C157EC001234B6 /* ZipUtils.m */ = {isa = PBXFileReference; lastKnownFileType = sourcecode.c.objc; name = ZipUtils.m; path = libs/cocos2d/Support/ZipUtils.m; sourceTree = "<group>"; };
		68D6C4AA15C157ED001234B6 /* LICENSE_cocos2d.txt */ = {isa = PBXFileReference; name = LICENSE_cocos2d.txt; path = libs/LICENSE_cocos2d.txt; sourceTree = "<group>"; };
		68D6C4AC15C157ED001234B6 /* CDAudioManager.h */ = {isa = PBXFileReference; name = CDAudioManager.h; path = libs/CocosDenshion/CDAudioManager.h; sourceTree = "<group>"; };
		68D6C4AD15C157ED001234B6 /* CDAudioManager.m */ = {isa = PBXFileReference; lastKnownFileType = sourcecode.c.objc; name = CDAudioManager.m; path = libs/CocosDenshion/CDAudioManager.m; sourceTree = "<group>"; };
		68D6C4AF15C157ED001234B6 /* CDConfig.h */ = {isa = PBXFileReference; name = CDConfig.h; path = libs/CocosDenshion/CDConfig.h; sourceTree = "<group>"; };
		68D6C4B015C157ED001234B6 /* CDOpenALSupport.h */ = {isa = PBXFileReference; name = CDOpenALSupport.h; path = libs/CocosDenshion/CDOpenALSupport.h; sourceTree = "<group>"; };
		68D6C4B115C157ED001234B6 /* CDOpenALSupport.m */ = {isa = PBXFileReference; lastKnownFileType = sourcecode.c.objc; name = CDOpenALSupport.m; path = libs/CocosDenshion/CDOpenALSupport.m; sourceTree = "<group>"; };
		68D6C4B315C157ED001234B6 /* CocosDenshion.h */ = {isa = PBXFileReference; name = CocosDenshion.h; path = libs/CocosDenshion/CocosDenshion.h; sourceTree = "<group>"; };
		68D6C4B415C157ED001234B6 /* CocosDenshion.m */ = {isa = PBXFileReference; lastKnownFileType = sourcecode.c.objc; name = CocosDenshion.m; path = libs/CocosDenshion/CocosDenshion.m; sourceTree = "<group>"; };
		68D6C4B615C157ED001234B6 /* SimpleAudioEngine.h */ = {isa = PBXFileReference; name = SimpleAudioEngine.h; path = libs/CocosDenshion/SimpleAudioEngine.h; sourceTree = "<group>"; };
		68D6C4B715C157ED001234B6 /* SimpleAudioEngine.m */ = {isa = PBXFileReference; lastKnownFileType = sourcecode.c.objc; name = SimpleAudioEngine.m; path = libs/CocosDenshion/SimpleAudioEngine.m; sourceTree = "<group>"; };
		68D6C4B915C157ED001234B6 /* LICENSE_CocosDenshion.txt */ = {isa = PBXFileReference; name = LICENSE_CocosDenshion.txt; path = libs/LICENSE_CocosDenshion.txt; sourceTree = "<group>"; };
		68D6C4BB15C157ED001234B6 /* CLScoreServerPost.h */ = {isa = PBXFileReference; name = CLScoreServerPost.h; path = libs/cocoslive/CLScoreServerPost.h; sourceTree = "<group>"; };
		68D6C4BC15C157ED001234B6 /* CLScoreServerPost.m */ = {isa = PBXFileReference; lastKnownFileType = sourcecode.c.objc; name = CLScoreServerPost.m; path = libs/cocoslive/CLScoreServerPost.m; sourceTree = "<group>"; };
		68D6C4BE15C157ED001234B6 /* CLScoreServerRequest.h */ = {isa = PBXFileReference; name = CLScoreServerRequest.h; path = libs/cocoslive/CLScoreServerRequest.h; sourceTree = "<group>"; };
		68D6C4BF15C157ED001234B6 /* CLScoreServerRequest.m */ = {isa = PBXFileReference; lastKnownFileType = sourcecode.c.objc; name = CLScoreServerRequest.m; path = libs/cocoslive/CLScoreServerRequest.m; sourceTree = "<group>"; };
		68D6C4C115C157ED001234B6 /* cocoslive.h */ = {isa = PBXFileReference; name = cocoslive.h; path = libs/cocoslive/cocoslive.h; sourceTree = "<group>"; };
		68D6C4C215C157ED001234B6 /* cocoslive.m */ = {isa = PBXFileReference; lastKnownFileType = sourcecode.c.objc; name = cocoslive.m; path = libs/cocoslive/cocoslive.m; sourceTree = "<group>"; };
		68D6C4C415C157ED001234B6 /* LICENSE_TouchJSON.txt */ = {isa = PBXFileReference; name = LICENSE_TouchJSON.txt; path = libs/LICENSE_TouchJSON.txt; sourceTree = "<group>"; };
		68D6C4C615C157ED001234B6 /* CDataScanner.h */ = {isa = PBXFileReference; name = CDataScanner.h; path = libs/TouchJSON/CDataScanner.h; sourceTree = "<group>"; };
		68D6C4C715C157ED001234B6 /* CDataScanner.m */ = {isa = PBXFileReference; lastKnownFileType = sourcecode.c.objc; name = CDataScanner.m; path = libs/TouchJSON/CDataScanner.m; sourceTree = "<group>"; };
		68D6C4CA15C157ED001234B6 /* CDataScanner_Extensions.h */ = {isa = PBXFileReference; name = CDataScanner_Extensions.h; path = libs/TouchJSON/Extensions/CDataScanner_Extensions.h; sourceTree = "<group>"; };
		68D6C4CB15C157ED001234B6 /* CDataScanner_Extensions.m */ = {isa = PBXFileReference; lastKnownFileType = sourcecode.c.objc; name = CDataScanner_Extensions.m; path = libs/TouchJSON/Extensions/CDataScanner_Extensions.m; sourceTree = "<group>"; };
		68D6C4CD15C157ED001234B6 /* NSDictionary_JSONExtensions.h */ = {isa = PBXFileReference; name = NSDictionary_JSONExtensions.h; path = libs/TouchJSON/Extensions/NSDictionary_JSONExtensions.h; sourceTree = "<group>"; };
		68D6C4CE15C157ED001234B6 /* NSDictionary_JSONExtensions.m */ = {isa = PBXFileReference; lastKnownFileType = sourcecode.c.objc; name = NSDictionary_JSONExtensions.m; path = libs/TouchJSON/Extensions/NSDictionary_JSONExtensions.m; sourceTree = "<group>"; };
		68D6C4D115C157ED001234B6 /* CJSONDeserializer.h */ = {isa = PBXFileReference; name = CJSONDeserializer.h; path = libs/TouchJSON/JSON/CJSONDeserializer.h; sourceTree = "<group>"; };
		68D6C4D215C157ED001234B6 /* CJSONDeserializer.m */ = {isa = PBXFileReference; lastKnownFileType = sourcecode.c.objc; name = CJSONDeserializer.m; path = libs/TouchJSON/JSON/CJSONDeserializer.m; sourceTree = "<group>"; };
		68D6C4D415C157ED001234B6 /* CJSONScanner.h */ = {isa = PBXFileReference; name = CJSONScanner.h; path = libs/TouchJSON/JSON/CJSONScanner.h; sourceTree = "<group>"; };
		68D6C4D515C157ED001234B6 /* CJSONScanner.m */ = {isa = PBXFileReference; lastKnownFileType = sourcecode.c.objc; name = CJSONScanner.m; path = libs/TouchJSON/JSON/CJSONScanner.m; sourceTree = "<group>"; };
		68D6C4D715C157ED001234B6 /* CJSONSerializer.h */ = {isa = PBXFileReference; name = CJSONSerializer.h; path = libs/TouchJSON/JSON/CJSONSerializer.h; sourceTree = "<group>"; };
		68D6C4D815C157ED001234B6 /* CJSONSerializer.m */ = {isa = PBXFileReference; lastKnownFileType = sourcecode.c.objc; name = CJSONSerializer.m; path = libs/TouchJSON/JSON/CJSONSerializer.m; sourceTree = "<group>"; };
		68D6C4DA15C157ED001234B6 /* JSONRepresentation.h */ = {isa = PBXFileReference; name = JSONRepresentation.h; path = libs/TouchJSON/JSON/JSONRepresentation.h; sourceTree = "<group>"; };
		68D6C4DC15C157ED001234B6 /* FontLabel.h */ = {isa = PBXFileReference; name = FontLabel.h; path = libs/FontLabel/FontLabel.h; sourceTree = "<group>"; };
		68D6C4DD15C157ED001234B6 /* FontLabel.m */ = {isa = PBXFileReference; lastKnownFileType = sourcecode.c.objc; name = FontLabel.m; path = libs/FontLabel/FontLabel.m; sourceTree = "<group>"; };
		68D6C4DF15C157ED001234B6 /* FontLabelStringDrawing.h */ = {isa = PBXFileReference; name = FontLabelStringDrawing.h; path = libs/FontLabel/FontLabelStringDrawing.h; sourceTree = "<group>"; };
		68D6C4E015C157ED001234B6 /* FontLabelStringDrawing.m */ = {isa = PBXFileReference; lastKnownFileType = sourcecode.c.objc; name = FontLabelStringDrawing.m; path = libs/FontLabel/FontLabelStringDrawing.m; sourceTree = "<group>"; };
		68D6C4E215C157ED001234B6 /* FontManager.h */ = {isa = PBXFileReference; name = FontManager.h; path = libs/FontLabel/FontManager.h; sourceTree = "<group>"; };
		68D6C4E315C157ED001234B6 /* FontManager.m */ = {isa = PBXFileReference; lastKnownFileType = sourcecode.c.objc; name = FontManager.m; path = libs/FontLabel/FontManager.m; sourceTree = "<group>"; };
		68D6C4E515C157ED001234B6 /* ZAttributedString.h */ = {isa = PBXFileReference; name = ZAttributedString.h; path = libs/FontLabel/ZAttributedString.h; sourceTree = "<group>"; };
		68D6C4E615C157ED001234B6 /* ZAttributedString.m */ = {isa = PBXFileReference; lastKnownFileType = sourcecode.c.objc; name = ZAttributedString.m; path = libs/FontLabel/ZAttributedString.m; sourceTree = "<group>"; };
		68D6C4E815C157EE001234B6 /* ZAttributedStringPrivate.h */ = {isa = PBXFileReference; name = ZAttributedStringPrivate.h; path = libs/FontLabel/ZAttributedStringPrivate.h; sourceTree = "<group>"; };
		68D6C4E915C157EE001234B6 /* ZFont.h */ = {isa = PBXFileReference; name = ZFont.h; path = libs/FontLabel/ZFont.h; sourceTree = "<group>"; };
		68D6C4EA15C157EE001234B6 /* ZFont.m */ = {isa = PBXFileReference; lastKnownFileType = sourcecode.c.objc; name = ZFont.m; path = libs/FontLabel/ZFont.m; sourceTree = "<group>"; };
		68D6C4EC15C157EE001234B6 /* LICENSE_FontLabel.txt */ = {isa = PBXFileReference; name = LICENSE_FontLabel.txt; path = libs/LICENSE_FontLabel.txt; sourceTree = "<group>"; };
		68D6C4EE15C157EE001234B6 /* Prefix.pch */ = {isa = PBXFileReference; path = Prefix.pch; sourceTree = "<group>"; };
		68D6C4EF15C157EE001234B6 /* main.m */ = {isa = PBXFileReference; lastKnownFileType = sourcecode.c.objc; path = main.m; sourceTree = "<group>"; };
		68D6C4F115C157EE001234B6 /* AppDelegate.h */ = {isa = PBXFileReference; path = AppDelegate.h; sourceTree = "<group>"; };
		68D6C4F215C157EE001234B6 /* AppDelegate.m */ = {isa = PBXFileReference; lastKnownFileType = sourcecode.c.objc; path = AppDelegate.m; sourceTree = "<group>"; };
		68D6C4F415C157EE001234B6 /* RootViewController.h */ = {isa = PBXFileReference; path = RootViewController.h; sourceTree = "<group>"; };
		68D6C4F515C157EE001234B6 /* RootViewController.m */ = {isa = PBXFileReference; lastKnownFileType = sourcecode.c.objc; path = RootViewController.m; sourceTree = "<group>"; };
		68D6C4F715C157EE001234B6 /* HelloWorldLayer.h */ = {isa = PBXFileReference; path = HelloWorldLayer.h; sourceTree = "<group>"; };
		68D6C4F815C157EE001234B6 /* HelloWorldLayer.m */ = {isa = PBXFileReference; lastKnownFileType = sourcecode.c.objc; path = HelloWorldLayer.m; sourceTree = "<group>"; };
		68D6C4FA15C157EE001234B6 /* GameConfig.h */ = {isa = PBXFileReference; path = GameConfig.h; sourceTree = "<group>"; };
/* End PBXFileReference section */

/* Begin PBXFrameworksBuildPhase section */
		68D6C38815C157EB001234B6 /* Frameworks */ = {
			isa = PBXFrameworksBuildPhase;
			buildActionMask = 2147483647;
			files = (
				68D6C39015C157EB001234B6 /* QuartzCore.framework in Frameworks */,
				68D6C39215C157EB001234B6 /* OpenGLES.framework in Frameworks */,
				68D6C39415C157EB001234B6 /* OpenAL.framework in Frameworks */,
				68D6C39615C157EB001234B6 /* AudioToolbox.framework in Frameworks */,
				68D6C39815C157EB001234B6 /* AVFoundation.framework in Frameworks */,
				68D6C39A15C157EB001234B6 /* UIKit.framework in Frameworks */,
				68D6C39C15C157EB001234B6 /* Foundation.framework in Frameworks */,
				68D6C39E15C157EB001234B6 /* CoreGraphics.framework in Frameworks */,
			);
			runOnlyForDeploymentPostprocessing = 0;
		};
/* End PBXFrameworksBuildPhase section */

/* Begin PBXGroup section */
		68D6C38015C157EB001234B6 = {
			isa = PBXGroup;
			children = (
				68D6C39F15C157EB001234B6 /* WorldNotEven */,
				68D6C38E15C157EB001234B6 /* Frameworks */,
				68D6C38C15C157EB001234B6 /* Products */,
			);
			sourceTree = "<group>";
		};
		68D6C38C15C157EB001234B6 /* Products */ = {
			isa = PBXGroup;
			children = (
				68D6C38B15C157EB001234B6 /* WorldNotEven.app */,
			);
			name = Products;
			sourceTree = "<group>";
		};
		68D6C38E15C157EB001234B6 /* Frameworks */ = {
			isa = PBXGroup;
			children = (
				68D6C38F15C157EB001234B6 /* QuartzCore.framework */,
				68D6C39115C157EB001234B6 /* OpenGLES.framework */,
				68D6C39315C157EB001234B6 /* OpenAL.framework */,
				68D6C39515C157EB001234B6 /* AudioToolbox.framework */,
				68D6C39715C157EB001234B6 /* AVFoundation.framework */,
				68D6C39915C157EB001234B6 /* UIKit.framework */,
				68D6C39B15C157EB001234B6 /* Foundation.framework */,
				68D6C39D15C157EB001234B6 /* CoreGraphics.framework */,
			);
			name = Frameworks;
			sourceTree = "<group>";
		};
		68D6C39F15C157EB001234B6 /* WorldNotEven */ = {
			isa = PBXGroup;
			children = (
				68D6C4F115C157EE001234B6 /* AppDelegate.h */,
				68D6C4F215C157EE001234B6 /* AppDelegate.m */,
				68D6C4F415C157EE001234B6 /* RootViewController.h */,
				68D6C4F515C157EE001234B6 /* RootViewController.m */,
				68D6C4F715C157EE001234B6 /* HelloWorldLayer.h */,
				68D6C4F815C157EE001234B6 /* HelloWorldLayer.m */,
				68D6C4FA15C157EE001234B6 /* GameConfig.h */,
				68D6C3A015C157EB001234B6 /* Resources */,
				68D6C3B415C157EB001234B6 /* libs */,
				68D6C4ED15C157EE001234B6 /* Supporting Files */,
			);
			path = WorldNotEven;
			sourceTree = "<group>";
		};
		68D6C3A015C157EB001234B6 /* Resources */ = {
			isa = PBXGroup;
			children = (
				68D6C3A115C157EB001234B6 /* Default.png */,
				68D6C3A315C157EB001234B6 /* fps_images.png */,
				68D6C3A515C157EB001234B6 /* Icon-72.png */,
				68D6C3A715C157EB001234B6 /* Icon-Small-50.png */,
				68D6C3A915C157EB001234B6 /* Icon-Small.png */,
				68D6C3AB15C157EB001234B6 /* Icon-Small@2x.png */,
				68D6C3AD15C157EB001234B6 /* Icon.png */,
				68D6C3AF15C157EB001234B6 /* Icon@2x.png */,
				68D6C3B115C157EB001234B6 /* Info.plist */,
				68D6C3B215C157EB001234B6 /* iTunesArtwork */,
			);
			name = Resources;
			sourceTree = "<group>";
		};
		68D6C3B415C157EB001234B6 /* libs */ = {
			isa = PBXGroup;
			children = (
				68D6C4AA15C157ED001234B6 /* LICENSE_cocos2d.txt */,
				68D6C4B915C157ED001234B6 /* LICENSE_CocosDenshion.txt */,
				68D6C4C415C157ED001234B6 /* LICENSE_TouchJSON.txt */,
				68D6C4EC15C157EE001234B6 /* LICENSE_FontLabel.txt */,
				68D6C3B515C157EB001234B6 /* cocos2d */,
				68D6C4AB15C157ED001234B6 /* CocosDenshion */,
				68D6C4BA15C157ED001234B6 /* cocoslive */,
				68D6C4C515C157ED001234B6 /* TouchJSON */,
				68D6C4DB15C157ED001234B6 /* FontLabel */,
			);
			name = libs;
			sourceTree = "<group>";
		};
		68D6C3B515C157EB001234B6 /* cocos2d */ = {
			isa = PBXGroup;
			children = (
				68D6C3B615C157EB001234B6 /* CCAction.h */,
				68D6C3B715C157EB001234B6 /* CCAction.m */,
				68D6C3B915C157EB001234B6 /* CCActionCamera.h */,
				68D6C3BA15C157EB001234B6 /* CCActionCamera.m */,
				68D6C3BC15C157EB001234B6 /* CCActionEase.h */,
				68D6C3BD15C157EB001234B6 /* CCActionEase.m */,
				68D6C3BF15C157EB001234B6 /* CCActionGrid.h */,
				68D6C3C015C157EB001234B6 /* CCActionGrid.m */,
				68D6C3C215C157EB001234B6 /* CCActionGrid3D.h */,
				68D6C3C315C157EB001234B6 /* CCActionGrid3D.m */,
				68D6C3C515C157EB001234B6 /* CCActionInstant.h */,
				68D6C3C615C157EB001234B6 /* CCActionInstant.m */,
				68D6C3C815C157EB001234B6 /* CCActionInterval.h */,
				68D6C3C915C157EB001234B6 /* CCActionInterval.m */,
				68D6C3CB15C157EB001234B6 /* CCActionManager.h */,
				68D6C3CC15C157EB001234B6 /* CCActionManager.m */,
				68D6C3CE15C157EB001234B6 /* CCActionPageTurn3D.h */,
				68D6C3CF15C157EB001234B6 /* CCActionPageTurn3D.m */,
				68D6C3D115C157EB001234B6 /* CCActionProgressTimer.h */,
				68D6C3D215C157EB001234B6 /* CCActionProgressTimer.m */,
				68D6C3D415C157EB001234B6 /* CCActionTiledGrid.h */,
				68D6C3D515C157EB001234B6 /* CCActionTiledGrid.m */,
				68D6C3D715C157EB001234B6 /* CCActionTween.h */,
				68D6C3D815C157EB001234B6 /* CCActionTween.m */,
				68D6C3DA15C157EB001234B6 /* CCAnimation.h */,
				68D6C3DB15C157EB001234B6 /* CCAnimation.m */,
				68D6C3DD15C157EB001234B6 /* CCAnimationCache.h */,
				68D6C3DE15C157EB001234B6 /* CCAnimationCache.m */,
				68D6C3E015C157EB001234B6 /* CCAtlasNode.h */,
				68D6C3E115C157EB001234B6 /* CCAtlasNode.m */,
				68D6C3E315C157EB001234B6 /* CCBlockSupport.h */,
				68D6C3E415C157EB001234B6 /* CCBlockSupport.m */,
				68D6C3E615C157EB001234B6 /* CCCamera.h */,
				68D6C3E715C157EB001234B6 /* CCCamera.m */,
				68D6C3E915C157EB001234B6 /* ccConfig.h */,
				68D6C3EA15C157EB001234B6 /* CCConfiguration.h */,
				68D6C3EB15C157EB001234B6 /* CCConfiguration.m */,
				68D6C3ED15C157EB001234B6 /* CCDirector.h */,
				68D6C3EE15C157EB001234B6 /* CCDirector.m */,
				68D6C3F015C157EB001234B6 /* CCDrawingPrimitives.h */,
				68D6C3F115C157EB001234B6 /* CCDrawingPrimitives.m */,
				68D6C3F315C157EB001234B6 /* CCGrabber.h */,
				68D6C3F415C157EB001234B6 /* CCGrabber.m */,
				68D6C3F615C157EB001234B6 /* CCGrid.h */,
				68D6C3F715C157EB001234B6 /* CCGrid.m */,
				68D6C3F915C157EB001234B6 /* CCLabelAtlas.h */,
				68D6C3FA15C157EB001234B6 /* CCLabelAtlas.m */,
				68D6C3FC15C157EB001234B6 /* CCLabelBMFont.h */,
				68D6C3FD15C157EB001234B6 /* CCLabelBMFont.m */,
				68D6C3FF15C157EB001234B6 /* CCLabelTTF.h */,
				68D6C40015C157EB001234B6 /* CCLabelTTF.m */,
				68D6C40215C157EB001234B6 /* CCLayer.h */,
				68D6C40315C157EB001234B6 /* CCLayer.m */,
				68D6C40515C157EB001234B6 /* ccMacros.h */,
				68D6C40615C157EB001234B6 /* CCMenu.h */,
				68D6C40715C157EB001234B6 /* CCMenu.m */,
				68D6C40915C157EB001234B6 /* CCMenuItem.h */,
				68D6C40A15C157EB001234B6 /* CCMenuItem.m */,
				68D6C40C15C157EB001234B6 /* CCMotionStreak.h */,
				68D6C40D15C157EB001234B6 /* CCMotionStreak.m */,
				68D6C40F15C157EC001234B6 /* CCNode.h */,
				68D6C41015C157EC001234B6 /* CCNode.m */,
				68D6C41215C157EC001234B6 /* CCParallaxNode.h */,
				68D6C41315C157EC001234B6 /* CCParallaxNode.m */,
				68D6C41515C157EC001234B6 /* CCParticleExamples.h */,
				68D6C41615C157EC001234B6 /* CCParticleExamples.m */,
				68D6C41815C157EC001234B6 /* CCParticleSystem.h */,
				68D6C41915C157EC001234B6 /* CCParticleSystem.m */,
				68D6C41B15C157EC001234B6 /* CCParticleSystemPoint.h */,
				68D6C41C15C157EC001234B6 /* CCParticleSystemPoint.m */,
				68D6C41E15C157EC001234B6 /* CCParticleSystemQuad.h */,
				68D6C41F15C157EC001234B6 /* CCParticleSystemQuad.m */,
				68D6C42115C157EC001234B6 /* CCProgressTimer.h */,
				68D6C42215C157EC001234B6 /* CCProgressTimer.m */,
				68D6C42415C157EC001234B6 /* CCProtocols.h */,
				68D6C42515C157EC001234B6 /* CCRenderTexture.h */,
				68D6C42615C157EC001234B6 /* CCRenderTexture.m */,
				68D6C42815C157EC001234B6 /* CCRibbon.h */,
				68D6C42915C157EC001234B6 /* CCRibbon.m */,
				68D6C42B15C157EC001234B6 /* CCScene.h */,
				68D6C42C15C157EC001234B6 /* CCScene.m */,
				68D6C42E15C157EC001234B6 /* CCScheduler.h */,
				68D6C42F15C157EC001234B6 /* CCScheduler.m */,
				68D6C43115C157EC001234B6 /* CCSprite.h */,
				68D6C43215C157EC001234B6 /* CCSprite.m */,
				68D6C43415C157EC001234B6 /* CCSpriteBatchNode.h */,
				68D6C43515C157EC001234B6 /* CCSpriteBatchNode.m */,
				68D6C43715C157EC001234B6 /* CCSpriteFrame.h */,
				68D6C43815C157EC001234B6 /* CCSpriteFrame.m */,
				68D6C43A15C157EC001234B6 /* CCSpriteFrameCache.h */,
				68D6C43B15C157EC001234B6 /* CCSpriteFrameCache.m */,
				68D6C43D15C157EC001234B6 /* CCTexture2D.h */,
				68D6C43E15C157EC001234B6 /* CCTexture2D.m */,
				68D6C44015C157EC001234B6 /* CCTextureAtlas.h */,
				68D6C44115C157EC001234B6 /* CCTextureAtlas.m */,
				68D6C44315C157EC001234B6 /* CCTextureCache.h */,
				68D6C44415C157EC001234B6 /* CCTextureCache.m */,
				68D6C44615C157EC001234B6 /* CCTexturePVR.h */,
				68D6C44715C157EC001234B6 /* CCTexturePVR.m */,
				68D6C44915C157EC001234B6 /* CCTileMapAtlas.h */,
				68D6C44A15C157EC001234B6 /* CCTileMapAtlas.m */,
				68D6C44C15C157EC001234B6 /* CCTMXLayer.h */,
				68D6C44D15C157EC001234B6 /* CCTMXLayer.m */,
				68D6C44F15C157EC001234B6 /* CCTMXObjectGroup.h */,
				68D6C45015C157EC001234B6 /* CCTMXObjectGroup.m */,
				68D6C45215C157EC001234B6 /* CCTMXTiledMap.h */,
				68D6C45315C157EC001234B6 /* CCTMXTiledMap.m */,
				68D6C45515C157EC001234B6 /* CCTMXXMLParser.h */,
				68D6C45615C157EC001234B6 /* CCTMXXMLParser.m */,
				68D6C45815C157EC001234B6 /* CCTransition.h */,
				68D6C45915C157EC001234B6 /* CCTransition.m */,
				68D6C45B15C157EC001234B6 /* CCTransitionPageTurn.h */,
				68D6C45C15C157EC001234B6 /* CCTransitionPageTurn.m */,
				68D6C45E15C157EC001234B6 /* CCTransitionRadial.h */,
				68D6C45F15C157EC001234B6 /* CCTransitionRadial.m */,
				68D6C46115C157EC001234B6 /* ccTypes.h */,
				68D6C46215C157EC001234B6 /* cocos2d.h */,
				68D6C46315C157EC001234B6 /* cocos2d.m */,
				68D6C46515C157EC001234B6 /* Platforms */,
				68D6C48A15C157EC001234B6 /* Support */,
			);
			name = cocos2d;
			sourceTree = "<group>";
		};
		68D6C46515C157EC001234B6 /* Platforms */ = {
			isa = PBXGroup;
			children = (
				68D6C46615C157EC001234B6 /* CCGL.h */,
				68D6C46715C157EC001234B6 /* CCNS.h */,
				68D6C46815C157EC001234B6 /* iOS */,
				68D6C47D15C157EC001234B6 /* Mac */,
			);
			name = Platforms;
			sourceTree = "<group>";
		};
		68D6C46815C157EC001234B6 /* iOS */ = {
			isa = PBXGroup;
			children = (
				68D6C46915C157EC001234B6 /* CCDirectorIOS.h */,
				68D6C46A15C157EC001234B6 /* CCDirectorIOS.m */,
				68D6C46C15C157EC001234B6 /* CCTouchDelegateProtocol.h */,
				68D6C46D15C157EC001234B6 /* CCTouchDispatcher.h */,
				68D6C46E15C157EC001234B6 /* CCTouchDispatcher.m */,
				68D6C47015C157EC001234B6 /* CCTouchHandler.h */,
				68D6C47115C157EC001234B6 /* CCTouchHandler.m */,
				68D6C47315C157EC001234B6 /* EAGLView.h */,
				68D6C47415C157EC001234B6 /* EAGLView.m */,
				68D6C47615C157EC001234B6 /* ES1Renderer.h */,
				68D6C47715C157EC001234B6 /* ES1Renderer.m */,
				68D6C47915C157EC001234B6 /* ESRenderer.h */,
				68D6C47A15C157EC001234B6 /* glu.c */,
				68D6C47C15C157EC001234B6 /* glu.h */,
			);
			name = iOS;
			sourceTree = "<group>";
		};
		68D6C47D15C157EC001234B6 /* Mac */ = {
			isa = PBXGroup;
			children = (
				68D6C47E15C157EC001234B6 /* CCDirectorMac.h */,
				68D6C47F15C157EC001234B6 /* CCDirectorMac.m */,
				68D6C48115C157EC001234B6 /* CCEventDispatcher.h */,
				68D6C48215C157EC001234B6 /* CCEventDispatcher.m */,
				68D6C48415C157EC001234B6 /* MacGLView.h */,
				68D6C48515C157EC001234B6 /* MacGLView.m */,
				68D6C48715C157EC001234B6 /* MacWindow.h */,
				68D6C48815C157EC001234B6 /* MacWindow.m */,
			);
			name = Mac;
			sourceTree = "<group>";
		};
		68D6C48A15C157EC001234B6 /* Support */ = {
			isa = PBXGroup;
			children = (
				68D6C48B15C157EC001234B6 /* base64.c */,
				68D6C48D15C157EC001234B6 /* base64.h */,
				68D6C48E15C157EC001234B6 /* CCArray.h */,
				68D6C48F15C157EC001234B6 /* CCArray.m */,
				68D6C49115C157EC001234B6 /* ccCArray.h */,
				68D6C49215C157EC001234B6 /* CCFileUtils.h */,
				68D6C49315C157EC001234B6 /* CCFileUtils.m */,
				68D6C49515C157EC001234B6 /* CCProfiling.h */,
				68D6C49615C157EC001234B6 /* CCProfiling.m */,
				68D6C49815C157EC001234B6 /* ccUtils.c */,
				68D6C49A15C157EC001234B6 /* ccUtils.h */,
				68D6C49B15C157EC001234B6 /* CGPointExtension.h */,
				68D6C49C15C157EC001234B6 /* CGPointExtension.m */,
				68D6C49E15C157EC001234B6 /* OpenGL_Internal.h */,
				68D6C49F15C157EC001234B6 /* TGAlib.h */,
				68D6C4A015C157EC001234B6 /* TGAlib.m */,
				68D6C4A215C157EC001234B6 /* TransformUtils.h */,
				68D6C4A315C157EC001234B6 /* TransformUtils.m */,
				68D6C4A515C157EC001234B6 /* uthash.h */,
				68D6C4A615C157EC001234B6 /* utlist.h */,
				68D6C4A715C157EC001234B6 /* ZipUtils.h */,
				68D6C4A815C157EC001234B6 /* ZipUtils.m */,
			);
			name = Support;
			sourceTree = "<group>";
		};
		68D6C4AB15C157ED001234B6 /* CocosDenshion */ = {
			isa = PBXGroup;
			children = (
				68D6C4AC15C157ED001234B6 /* CDAudioManager.h */,
				68D6C4AD15C157ED001234B6 /* CDAudioManager.m */,
				68D6C4AF15C157ED001234B6 /* CDConfig.h */,
				68D6C4B015C157ED001234B6 /* CDOpenALSupport.h */,
				68D6C4B115C157ED001234B6 /* CDOpenALSupport.m */,
				68D6C4B315C157ED001234B6 /* CocosDenshion.h */,
				68D6C4B415C157ED001234B6 /* CocosDenshion.m */,
				68D6C4B615C157ED001234B6 /* SimpleAudioEngine.h */,
				68D6C4B715C157ED001234B6 /* SimpleAudioEngine.m */,
			);
			name = CocosDenshion;
			sourceTree = "<group>";
		};
		68D6C4BA15C157ED001234B6 /* cocoslive */ = {
			isa = PBXGroup;
			children = (
				68D6C4BB15C157ED001234B6 /* CLScoreServerPost.h */,
				68D6C4BC15C157ED001234B6 /* CLScoreServerPost.m */,
				68D6C4BE15C157ED001234B6 /* CLScoreServerRequest.h */,
				68D6C4BF15C157ED001234B6 /* CLScoreServerRequest.m */,
				68D6C4C115C157ED001234B6 /* cocoslive.h */,
				68D6C4C215C157ED001234B6 /* cocoslive.m */,
			);
			name = cocoslive;
			sourceTree = "<group>";
		};
		68D6C4C515C157ED001234B6 /* TouchJSON */ = {
			isa = PBXGroup;
			children = (
				68D6C4C615C157ED001234B6 /* CDataScanner.h */,
				68D6C4C715C157ED001234B6 /* CDataScanner.m */,
				68D6C4C915C157ED001234B6 /* Extensions */,
				68D6C4D015C157ED001234B6 /* JSON */,
			);
			name = TouchJSON;
			sourceTree = "<group>";
		};
		68D6C4C915C157ED001234B6 /* Extensions */ = {
			isa = PBXGroup;
			children = (
				68D6C4CA15C157ED001234B6 /* CDataScanner_Extensions.h */,
				68D6C4CB15C157ED001234B6 /* CDataScanner_Extensions.m */,
				68D6C4CD15C157ED001234B6 /* NSDictionary_JSONExtensions.h */,
				68D6C4CE15C157ED001234B6 /* NSDictionary_JSONExtensions.m */,
			);
			name = Extensions;
			sourceTree = "<group>";
		};
		68D6C4D015C157ED001234B6 /* JSON */ = {
			isa = PBXGroup;
			children = (
				68D6C4D115C157ED001234B6 /* CJSONDeserializer.h */,
				68D6C4D215C157ED001234B6 /* CJSONDeserializer.m */,
				68D6C4D415C157ED001234B6 /* CJSONScanner.h */,
				68D6C4D515C157ED001234B6 /* CJSONScanner.m */,
				68D6C4D715C157ED001234B6 /* CJSONSerializer.h */,
				68D6C4D815C157ED001234B6 /* CJSONSerializer.m */,
				68D6C4DA15C157ED001234B6 /* JSONRepresentation.h */,
			);
			name = JSON;
			sourceTree = "<group>";
		};
		68D6C4DB15C157ED001234B6 /* FontLabel */ = {
			isa = PBXGroup;
			children = (
				68D6C4DC15C157ED001234B6 /* FontLabel.h */,
				68D6C4DD15C157ED001234B6 /* FontLabel.m */,
				68D6C4DF15C157ED001234B6 /* FontLabelStringDrawing.h */,
				68D6C4E015C157ED001234B6 /* FontLabelStringDrawing.m */,
				68D6C4E215C157ED001234B6 /* FontManager.h */,
				68D6C4E315C157ED001234B6 /* FontManager.m */,
				68D6C4E515C157ED001234B6 /* ZAttributedString.h */,
				68D6C4E615C157ED001234B6 /* ZAttributedString.m */,
				68D6C4E815C157EE001234B6 /* ZAttributedStringPrivate.h */,
				68D6C4E915C157EE001234B6 /* ZFont.h */,
				68D6C4EA15C157EE001234B6 /* ZFont.m */,
			);
			name = FontLabel;
			sourceTree = "<group>";
		};
		68D6C4ED15C157EE001234B6 /* Supporting Files */ = {
			isa = PBXGroup;
			children = (
				68D6C4EE15C157EE001234B6 /* Prefix.pch */,
				68D6C4EF15C157EE001234B6 /* main.m */,
			);
			name = "Supporting Files";
			sourceTree = "<group>";
		};
/* End PBXGroup section */

/* Begin PBXNativeTarget section */
		68D6C38A15C157EB001234B6 /* WorldNotEven */ = {
			isa = PBXNativeTarget;
			buildConfigurationList = 68D6C4FD15C157EE001234B6 /* Build configuration list for PBXNativeTarget "WorldNotEven" */;
			buildPhases = (
				68D6C38715C157EB001234B6 /* Sources */,
				68D6C38815C157EB001234B6 /* Frameworks */,
				68D6C38915C157EB001234B6 /* Resources */,
			);
			buildRules = (
			);
			dependencies = (
			);
			name = WorldNotEven;
			productName = WorldNotEven;
			productReference = 68D6C38B15C157EB001234B6 /* WorldNotEven.app */;
			productType = "com.apple.product-type.application";
		};
/* End PBXNativeTarget section */

/* Begin PBXProject section */
		68D6C38215C157EB001234B6 /* Project object */ = {
			isa = PBXProject;
			attributes = {
				LastUpgradeCheck = 0430;
				ORGANIZATIONNAME = "Hong Kong University";
			};
			buildConfigurationList = 68D6C38515C157EB001234B6 /* Build configuration list for PBXProject "WorldNotEven" */;
			compatibilityVersion = "Xcode 3.2";
			developmentRegion = English;
			hasScannedForEncodings = 0;
			knownRegions = (
				en,
			);
			mainGroup = 68D6C38015C157EB001234B6;
			productRefGroup = 68D6C38C15C157EB001234B6 /* Products */;
			projectDirPath = "";
			projectRoot = "";
			targets = (
				68D6C38A15C157EB001234B6 /* WorldNotEven */,
			);
		};
/* End PBXProject section */

/* Begin PBXResourcesBuildPhase section */
		68D6C38915C157EB001234B6 /* Resources */ = {
			isa = PBXResourcesBuildPhase;
			buildActionMask = 2147483647;
			files = (
				68D6C3A215C157EB001234B6 /* Default.png in Resources */,
				68D6C3A415C157EB001234B6 /* fps_images.png in Resources */,
				68D6C3A615C157EB001234B6 /* Icon-72.png in Resources */,
				68D6C3A815C157EB001234B6 /* Icon-Small-50.png in Resources */,
				68D6C3AA15C157EB001234B6 /* Icon-Small.png in Resources */,
				68D6C3AC15C157EB001234B6 /* Icon-Small@2x.png in Resources */,
				68D6C3AE15C157EB001234B6 /* Icon.png in Resources */,
				68D6C3B015C157EB001234B6 /* Icon@2x.png in Resources */,
				68D6C3B315C157EB001234B6 /* iTunesArtwork in Resources */,
			);
			runOnlyForDeploymentPostprocessing = 0;
		};
/* End PBXResourcesBuildPhase section */

/* Begin PBXSourcesBuildPhase section */
		68D6C38715C157EB001234B6 /* Sources */ = {
			isa = PBXSourcesBuildPhase;
			buildActionMask = 2147483647;
			files = (
				68D6C3B815C157EB001234B6 /* CCAction.m in Sources */,
				68D6C3BB15C157EB001234B6 /* CCActionCamera.m in Sources */,
				68D6C3BE15C157EB001234B6 /* CCActionEase.m in Sources */,
				68D6C3C115C157EB001234B6 /* CCActionGrid.m in Sources */,
				68D6C3C415C157EB001234B6 /* CCActionGrid3D.m in Sources */,
				68D6C3C715C157EB001234B6 /* CCActionInstant.m in Sources */,
				68D6C3CA15C157EB001234B6 /* CCActionInterval.m in Sources */,
				68D6C3CD15C157EB001234B6 /* CCActionManager.m in Sources */,
				68D6C3D015C157EB001234B6 /* CCActionPageTurn3D.m in Sources */,
				68D6C3D315C157EB001234B6 /* CCActionProgressTimer.m in Sources */,
				68D6C3D615C157EB001234B6 /* CCActionTiledGrid.m in Sources */,
				68D6C3D915C157EB001234B6 /* CCActionTween.m in Sources */,
				68D6C3DC15C157EB001234B6 /* CCAnimation.m in Sources */,
				68D6C3DF15C157EB001234B6 /* CCAnimationCache.m in Sources */,
				68D6C3E215C157EB001234B6 /* CCAtlasNode.m in Sources */,
				68D6C3E515C157EB001234B6 /* CCBlockSupport.m in Sources */,
				68D6C3E815C157EB001234B6 /* CCCamera.m in Sources */,
				68D6C3EC15C157EB001234B6 /* CCConfiguration.m in Sources */,
				68D6C3EF15C157EB001234B6 /* CCDirector.m in Sources */,
				68D6C3F215C157EB001234B6 /* CCDrawingPrimitives.m in Sources */,
				68D6C3F515C157EB001234B6 /* CCGrabber.m in Sources */,
				68D6C3F815C157EB001234B6 /* CCGrid.m in Sources */,
				68D6C3FB15C157EB001234B6 /* CCLabelAtlas.m in Sources */,
				68D6C3FE15C157EB001234B6 /* CCLabelBMFont.m in Sources */,
				68D6C40115C157EB001234B6 /* CCLabelTTF.m in Sources */,
				68D6C40415C157EB001234B6 /* CCLayer.m in Sources */,
				68D6C40815C157EB001234B6 /* CCMenu.m in Sources */,
				68D6C40B15C157EB001234B6 /* CCMenuItem.m in Sources */,
				68D6C40E15C157EB001234B6 /* CCMotionStreak.m in Sources */,
				68D6C41115C157EC001234B6 /* CCNode.m in Sources */,
				68D6C41415C157EC001234B6 /* CCParallaxNode.m in Sources */,
				68D6C41715C157EC001234B6 /* CCParticleExamples.m in Sources */,
				68D6C41A15C157EC001234B6 /* CCParticleSystem.m in Sources */,
				68D6C41D15C157EC001234B6 /* CCParticleSystemPoint.m in Sources */,
				68D6C42015C157EC001234B6 /* CCParticleSystemQuad.m in Sources */,
				68D6C42315C157EC001234B6 /* CCProgressTimer.m in Sources */,
				68D6C42715C157EC001234B6 /* CCRenderTexture.m in Sources */,
				68D6C42A15C157EC001234B6 /* CCRibbon.m in Sources */,
				68D6C42D15C157EC001234B6 /* CCScene.m in Sources */,
				68D6C43015C157EC001234B6 /* CCScheduler.m in Sources */,
				68D6C43315C157EC001234B6 /* CCSprite.m in Sources */,
				68D6C43615C157EC001234B6 /* CCSpriteBatchNode.m in Sources */,
				68D6C43915C157EC001234B6 /* CCSpriteFrame.m in Sources */,
				68D6C43C15C157EC001234B6 /* CCSpriteFrameCache.m in Sources */,
				68D6C43F15C157EC001234B6 /* CCTexture2D.m in Sources */,
				68D6C44215C157EC001234B6 /* CCTextureAtlas.m in Sources */,
				68D6C44515C157EC001234B6 /* CCTextureCache.m in Sources */,
				68D6C44815C157EC001234B6 /* CCTexturePVR.m in Sources */,
				68D6C44B15C157EC001234B6 /* CCTileMapAtlas.m in Sources */,
				68D6C44E15C157EC001234B6 /* CCTMXLayer.m in Sources */,
				68D6C45115C157EC001234B6 /* CCTMXObjectGroup.m in Sources */,
				68D6C45415C157EC001234B6 /* CCTMXTiledMap.m in Sources */,
				68D6C45715C157EC001234B6 /* CCTMXXMLParser.m in Sources */,
				68D6C45A15C157EC001234B6 /* CCTransition.m in Sources */,
				68D6C45D15C157EC001234B6 /* CCTransitionPageTurn.m in Sources */,
				68D6C46015C157EC001234B6 /* CCTransitionRadial.m in Sources */,
				68D6C46415C157EC001234B6 /* cocos2d.m in Sources */,
				68D6C46B15C157EC001234B6 /* CCDirectorIOS.m in Sources */,
				68D6C46F15C157EC001234B6 /* CCTouchDispatcher.m in Sources */,
				68D6C47215C157EC001234B6 /* CCTouchHandler.m in Sources */,
				68D6C47515C157EC001234B6 /* EAGLView.m in Sources */,
				68D6C47815C157EC001234B6 /* ES1Renderer.m in Sources */,
				68D6C47B15C157EC001234B6 /* glu.c in Sources */,
				68D6C48015C157EC001234B6 /* CCDirectorMac.m in Sources */,
				68D6C48315C157EC001234B6 /* CCEventDispatcher.m in Sources */,
				68D6C48615C157EC001234B6 /* MacGLView.m in Sources */,
				68D6C48915C157EC001234B6 /* MacWindow.m in Sources */,
				68D6C48C15C157EC001234B6 /* base64.c in Sources */,
				68D6C49015C157EC001234B6 /* CCArray.m in Sources */,
				68D6C49415C157EC001234B6 /* CCFileUtils.m in Sources */,
				68D6C49715C157EC001234B6 /* CCProfiling.m in Sources */,
				68D6C49915C157EC001234B6 /* ccUtils.c in Sources */,
				68D6C49D15C157EC001234B6 /* CGPointExtension.m in Sources */,
				68D6C4A115C157EC001234B6 /* TGAlib.m in Sources */,
				68D6C4A415C157EC001234B6 /* TransformUtils.m in Sources */,
				68D6C4A915C157EC001234B6 /* ZipUtils.m in Sources */,
				68D6C4AE15C157ED001234B6 /* CDAudioManager.m in Sources */,
				68D6C4B215C157ED001234B6 /* CDOpenALSupport.m in Sources */,
				68D6C4B515C157ED001234B6 /* CocosDenshion.m in Sources */,
				68D6C4B815C157ED001234B6 /* SimpleAudioEngine.m in Sources */,
				68D6C4BD15C157ED001234B6 /* CLScoreServerPost.m in Sources */,
				68D6C4C015C157ED001234B6 /* CLScoreServerRequest.m in Sources */,
				68D6C4C315C157ED001234B6 /* cocoslive.m in Sources */,
				68D6C4C815C157ED001234B6 /* CDataScanner.m in Sources */,
				68D6C4CC15C157ED001234B6 /* CDataScanner_Extensions.m in Sources */,
				68D6C4CF15C157ED001234B6 /* NSDictionary_JSONExtensions.m in Sources */,
				68D6C4D315C157ED001234B6 /* CJSONDeserializer.m in Sources */,
				68D6C4D615C157ED001234B6 /* CJSONScanner.m in Sources */,
				68D6C4D915C157ED001234B6 /* CJSONSerializer.m in Sources */,
				68D6C4DE15C157ED001234B6 /* FontLabel.m in Sources */,
				68D6C4E115C157ED001234B6 /* FontLabelStringDrawing.m in Sources */,
				68D6C4E415C157ED001234B6 /* FontManager.m in Sources */,
				68D6C4E715C157ED001234B6 /* ZAttributedString.m in Sources */,
				68D6C4EB15C157EE001234B6 /* ZFont.m in Sources */,
				68D6C4F015C157EE001234B6 /* main.m in Sources */,
				68D6C4F315C157EE001234B6 /* AppDelegate.m in Sources */,
				68D6C4F615C157EE001234B6 /* RootViewController.m in Sources */,
				68D6C4F915C157EE001234B6 /* HelloWorldLayer.m in Sources */,
			);
			runOnlyForDeploymentPostprocessing = 0;
		};
/* End PBXSourcesBuildPhase section */

/* Begin XCBuildConfiguration section */
		68D6C4FB15C157EE001234B6 /* Debug */ = {
			isa = XCBuildConfiguration;
			buildSettings = {
				ARCHS = "$(ARCHS_STANDARD_32_BIT)";
				"CODE_SIGN_IDENTITY[sdk=iphoneos*]" = "iPhone Developer";
				GCC_C_LANGUAGE_STANDARD = gnu99;
				GCC_OPTIMIZATION_LEVEL = 0;
				GCC_PREPROCESSOR_DEFINITIONS = (
					DEBUG,
					"COCOS2D_DEBUG=1",
				);
				GCC_SYMBOLS_PRIVATE_EXTERN = NO;
				GCC_VERSION = com.apple.compilers.llvmgcc42;
				GCC_WARN_ABOUT_RETURN_TYPE = YES;
				GCC_WARN_UNUSED_VARIABLE = YES;
				IPHONEOS_DEPLOYMENT_TARGET = 5.1;
				SDKROOT = iphoneos;
			};
			name = Debug;
		};
		68D6C4FC15C157EE001234B6 /* Release */ = {
			isa = XCBuildConfiguration;
			buildSettings = {
				ARCHS = "$(ARCHS_STANDARD_32_BIT)";
				"CODE_SIGN_IDENTITY[sdk=iphoneos*]" = "iPhone Developer";
				GCC_C_LANGUAGE_STANDARD = gnu99;
				GCC_PREPROCESSOR_DEFINITIONS = NDEBUG;
				GCC_VERSION = com.apple.compilers.llvmgcc42;
				GCC_WARN_ABOUT_RETURN_TYPE = YES;
				GCC_WARN_UNUSED_VARIABLE = YES;
				IPHONEOS_DEPLOYMENT_TARGET = 5.1;
				OTHER_CFLAGS = "-DNS_BLOCK_ASSERTIONS=1";
				SDKROOT = iphoneos;
			};
			name = Release;
		};
		68D6C4FE15C157EE001234B6 /* Debug */ = {
			isa = XCBuildConfiguration;
			buildSettings = {
				ALWAYS_SEARCH_USER_PATHS = NO;
				COPY_PHASE_STRIP = NO;
				GCC_DYNAMIC_NO_PIC = NO;
				GCC_PRECOMPILE_PREFIX_HEADER = YES;
				GCC_PREFIX_HEADER = WorldNotEven/Prefix.pch;
				"GCC_THUMB_SUPPORT[arch=armv6]" = "";
				INFOPLIST_FILE = WorldNotEven/Resources/Info.plist;
				OTHER_LDFLAGS = "-lz";
				PRODUCT_NAME = "$(TARGET_NAME)";
				WRAPPER_EXTENSION = app;
			};
			name = Debug;
		};
		68D6C4FF15C157EE001234B6 /* Release */ = {
			isa = XCBuildConfiguration;
			buildSettings = {
				ALWAYS_SEARCH_USER_PATHS = NO;
				COPY_PHASE_STRIP = YES;
				GCC_PRECOMPILE_PREFIX_HEADER = YES;
				GCC_PREFIX_HEADER = WorldNotEven/Prefix.pch;
				"GCC_THUMB_SUPPORT[arch=armv6]" = "";
				INFOPLIST_FILE = WorldNotEven/Resources/Info.plist;
				OTHER_LDFLAGS = "-lz";
				PRODUCT_NAME = "$(TARGET_NAME)";
				VALIDATE_PRODUCT = YES;
				WRAPPER_EXTENSION = app;
			};
			name = Release;
		};
/* End XCBuildConfiguration section */

/* Begin XCConfigurationList section */
		68D6C38515C157EB001234B6 /* Build configuration list for PBXProject "WorldNotEven" */ = {
			isa = XCConfigurationList;
			buildConfigurations = (
				68D6C4FB15C157EE001234B6 /* Debug */,
				68D6C4FC15C157EE001234B6 /* Release */,
			);
			defaultConfigurationIsVisible = 0;
			defaultConfigurationName = Release;
		};
		68D6C4FD15C157EE001234B6 /* Build configuration list for PBXNativeTarget "WorldNotEven" */ = {
			isa = XCConfigurationList;
			buildConfigurations = (
				68D6C4FE15C157EE001234B6 /* Debug */,
				68D6C4FF15C157EE001234B6 /* Release */,
			);
			defaultConfigurationIsVisible = 0;
		};
/* End XCConfigurationList section */
	};
	rootObject = 68D6C38215C157EB001234B6 /* Project object */;
}
